// !$*UTF8*$!
{
	archiveVersion = 1;
	classes = {
	};
	objectVersion = 52;
	objects = {

/* Begin PBXBuildFile section */
		4E076CEF282520080049B9E8 /* SettingsView.swift in Sources */ = {isa = PBXBuildFile; fileRef = 4E076CEE282520080049B9E8 /* SettingsView.swift */; };
		4E076CF0282520080049B9E8 /* SettingsView.swift in Sources */ = {isa = PBXBuildFile; fileRef = 4E076CEE282520080049B9E8 /* SettingsView.swift */; };
		4E191882283D5B34007E9B47 /* JSONUI.swift in Sources */ = {isa = PBXBuildFile; fileRef = 4E191881283D5B34007E9B47 /* JSONUI.swift */; };
		4E191883283D5B34007E9B47 /* JSONUI.swift in Sources */ = {isa = PBXBuildFile; fileRef = 4E191881283D5B34007E9B47 /* JSONUI.swift */; };
		4E191886283D5DA0007E9B47 /* JSONDrivenUI in Frameworks */ = {isa = PBXBuildFile; productRef = 4E191885283D5DA0007E9B47 /* JSONDrivenUI */; };
		4E1A87DD28399E2500F9958B /* WebView.swift in Sources */ = {isa = PBXBuildFile; fileRef = 4E1A87DC28399E2500F9958B /* WebView.swift */; };
		4E1A87DE28399E2500F9958B /* WebView.swift in Sources */ = {isa = PBXBuildFile; fileRef = 4E1A87DC28399E2500F9958B /* WebView.swift */; };
		4E24DA0E2814AAB300A39C7D /* Media.swift in Sources */ = {isa = PBXBuildFile; fileRef = 4E24DA0D2814AAB300A39C7D /* Media.swift */; };
		4E24DA0F2814AAB300A39C7D /* Media.swift in Sources */ = {isa = PBXBuildFile; fileRef = 4E24DA0D2814AAB300A39C7D /* Media.swift */; };
		4E24DA162814BB4600A39C7D /* Earthquakes.xcdatamodeld in Sources */ = {isa = PBXBuildFile; fileRef = 4E24DA142814BB4600A39C7D /* Earthquakes.xcdatamodeld */; };
		4E24DA172814BB4600A39C7D /* Earthquakes.xcdatamodeld in Sources */ = {isa = PBXBuildFile; fileRef = 4E24DA142814BB4600A39C7D /* Earthquakes.xcdatamodeld */; };
		4E24DA1D2814BFFA00A39C7D /* MediaProvider.swift in Sources */ = {isa = PBXBuildFile; fileRef = 4E24DA1C2814BFFA00A39C7D /* MediaProvider.swift */; };
		4E24DA1E2814BFFA00A39C7D /* MediaProvider.swift in Sources */ = {isa = PBXBuildFile; fileRef = 4E24DA1C2814BFFA00A39C7D /* MediaProvider.swift */; };
		4E24DA20281522BE00A39C7D /* SectionHeader.swift in Sources */ = {isa = PBXBuildFile; fileRef = 4E24DA1F281522BE00A39C7D /* SectionHeader.swift */; };
		4E24DA21281522BE00A39C7D /* SectionHeader.swift in Sources */ = {isa = PBXBuildFile; fileRef = 4E24DA1F281522BE00A39C7D /* SectionHeader.swift */; };
		4E24DA232815D57000A39C7D /* MediaSection.swift in Sources */ = {isa = PBXBuildFile; fileRef = 4E24DA222815D57000A39C7D /* MediaSection.swift */; };
		4E24DA242815D57000A39C7D /* MediaSection.swift in Sources */ = {isa = PBXBuildFile; fileRef = 4E24DA222815D57000A39C7D /* MediaSection.swift */; };
		4E24DA262815EABD00A39C7D /* MediaRow.swift in Sources */ = {isa = PBXBuildFile; fileRef = 4E24DA252815EABD00A39C7D /* MediaRow.swift */; };
		4E24DA272815EABD00A39C7D /* MediaRow.swift in Sources */ = {isa = PBXBuildFile; fileRef = 4E24DA252815EABD00A39C7D /* MediaRow.swift */; };
		4E24DA292815EC1600A39C7D /* MediaThumbnail.swift in Sources */ = {isa = PBXBuildFile; fileRef = 4E24DA282815EC1600A39C7D /* MediaThumbnail.swift */; };
		4E24DA2A2815EC1600A39C7D /* MediaThumbnail.swift in Sources */ = {isa = PBXBuildFile; fileRef = 4E24DA282815EC1600A39C7D /* MediaThumbnail.swift */; };
		4E24DA2F2815EF5D00A39C7D /* View+Extensions.swift in Sources */ = {isa = PBXBuildFile; fileRef = 4E24DA2E2815EF5D00A39C7D /* View+Extensions.swift */; };
		4E24DA302815EF5D00A39C7D /* View+Extensions.swift in Sources */ = {isa = PBXBuildFile; fileRef = 4E24DA2E2815EF5D00A39C7D /* View+Extensions.swift */; };
		4E24DA322815F16800A39C7D /* MediaDetail.swift in Sources */ = {isa = PBXBuildFile; fileRef = 4E24DA312815F16800A39C7D /* MediaDetail.swift */; };
		4E24DA332815F16800A39C7D /* MediaDetail.swift in Sources */ = {isa = PBXBuildFile; fileRef = 4E24DA312815F16800A39C7D /* MediaDetail.swift */; };
		4E3BE65D280552860049DD03 /* QuakeSort.swift in Sources */ = {isa = PBXBuildFile; fileRef = 4E3BE65C280552860049DD03 /* QuakeSort.swift */; };
		4E3BE65E280552860049DD03 /* QuakeSort.swift in Sources */ = {isa = PBXBuildFile; fileRef = 4E3BE65C280552860049DD03 /* QuakeSort.swift */; };
		4E3EDFF8283D7772005F44CD /* ChatBubble.swift in Sources */ = {isa = PBXBuildFile; fileRef = 4E3EDFF7283D7772005F44CD /* ChatBubble.swift */; };
		4E3EDFF9283D7772005F44CD /* ChatBubble.swift in Sources */ = {isa = PBXBuildFile; fileRef = 4E3EDFF7283D7772005F44CD /* ChatBubble.swift */; };
		4E3EDFFB283D8830005F44CD /* ToolbarRefreshStatus.swift in Sources */ = {isa = PBXBuildFile; fileRef = 4E3EDFFA283D8830005F44CD /* ToolbarRefreshStatus.swift */; };
		4E3EDFFC283D8830005F44CD /* ToolbarRefreshStatus.swift in Sources */ = {isa = PBXBuildFile; fileRef = 4E3EDFFA283D8830005F44CD /* ToolbarRefreshStatus.swift */; };
		4E425E0C2839428F00D37CA0 /* LastUpdatedView.swift in Sources */ = {isa = PBXBuildFile; fileRef = 4E425E0B2839428E00D37CA0 /* LastUpdatedView.swift */; };
		4E425E0D2839428F00D37CA0 /* LastUpdatedView.swift in Sources */ = {isa = PBXBuildFile; fileRef = 4E425E0B2839428E00D37CA0 /* LastUpdatedView.swift */; };
		4E5B7D83281FAC0F00842FE2 /* NukeUI in Frameworks */ = {isa = PBXBuildFile; productRef = 4E5B7D82281FAC0F00842FE2 /* NukeUI */; };
		4E5B7D88282171B500842FE2 /* DScanApp.swift in Sources */ = {isa = PBXBuildFile; fileRef = 4E5B7D87282171B400842FE2 /* DScanApp.swift */; };
		4E5B7D89282171B500842FE2 /* DScanApp.swift in Sources */ = {isa = PBXBuildFile; fileRef = 4E5B7D87282171B400842FE2 /* DScanApp.swift */; };
		4E7C1794282A5B3A001CB909 /* ZoomableScrollView.swift in Sources */ = {isa = PBXBuildFile; fileRef = 4E7C1793282A5B3A001CB909 /* ZoomableScrollView.swift */; };
		4E7C1795282A5B3A001CB909 /* ZoomableScrollView.swift in Sources */ = {isa = PBXBuildFile; fileRef = 4E7C1793282A5B3A001CB909 /* ZoomableScrollView.swift */; };
		4E86000A281806E100F126D7 /* _nighttrain.jpg in Resources */ = {isa = PBXBuildFile; fileRef = 4E86FFE7281806DD00F126D7 /* _nighttrain.jpg */; };
		4E86000B281806E200F126D7 /* _nighttrain.jpg in Resources */ = {isa = PBXBuildFile; fileRef = 4E86FFE7281806DD00F126D7 /* _nighttrain.jpg */; };
		4E86000C281806E200F126D7 /* a_s.jpg in Resources */ = {isa = PBXBuildFile; fileRef = 4E86FFE8281806DD00F126D7 /* a_s.jpg */; };
		4E86000D281806E200F126D7 /* a_s.jpg in Resources */ = {isa = PBXBuildFile; fileRef = 4E86FFE8281806DD00F126D7 /* a_s.jpg */; };
		4E86000E281806E200F126D7 /* _seafreight.jpg in Resources */ = {isa = PBXBuildFile; fileRef = 4E86FFE9281806DD00F126D7 /* _seafreight.jpg */; };
		4E86000F281806E200F126D7 /* _seafreight.jpg in Resources */ = {isa = PBXBuildFile; fileRef = 4E86FFE9281806DD00F126D7 /* _seafreight.jpg */; };
		4E860010281806E200F126D7 /* dpd.jpg in Resources */ = {isa = PBXBuildFile; fileRef = 4E86FFEA281806DD00F126D7 /* dpd.jpg */; };
		4E860011281806E200F126D7 /* dpd.jpg in Resources */ = {isa = PBXBuildFile; fileRef = 4E86FFEA281806DD00F126D7 /* dpd.jpg */; };
		4E860012281806E200F126D7 /* di.gif in Resources */ = {isa = PBXBuildFile; fileRef = 4E86FFEB281806DE00F126D7 /* di.gif */; };
		4E860013281806E200F126D7 /* di.gif in Resources */ = {isa = PBXBuildFile; fileRef = 4E86FFEB281806DE00F126D7 /* di.gif */; };
		4E860014281806E200F126D7 /* hoerth.jpg in Resources */ = {isa = PBXBuildFile; fileRef = 4E86FFEC281806DE00F126D7 /* hoerth.jpg */; };
		4E860015281806E200F126D7 /* hoerth.jpg in Resources */ = {isa = PBXBuildFile; fileRef = 4E86FFEC281806DE00F126D7 /* hoerth.jpg */; };
		4E860016281806E200F126D7 /* konz.gif in Resources */ = {isa = PBXBuildFile; fileRef = 4E86FFED281806DE00F126D7 /* konz.gif */; };
		4E860017281806E200F126D7 /* konz.gif in Resources */ = {isa = PBXBuildFile; fileRef = 4E86FFED281806DE00F126D7 /* konz.gif */; };
		4E860018281806E200F126D7 /* glx.jpg in Resources */ = {isa = PBXBuildFile; fileRef = 4E86FFEE281806DE00F126D7 /* glx.jpg */; };
		4E860019281806E200F126D7 /* glx.jpg in Resources */ = {isa = PBXBuildFile; fileRef = 4E86FFEE281806DE00F126D7 /* glx.jpg */; };
		4E86001A281806E200F126D7 /* aus.gif in Resources */ = {isa = PBXBuildFile; fileRef = 4E86FFEF281806DE00F126D7 /* aus.gif */; };
		4E86001B281806E200F126D7 /* aus.gif in Resources */ = {isa = PBXBuildFile; fileRef = 4E86FFEF281806DE00F126D7 /* aus.gif */; };
		4E86001C281806E200F126D7 /* agility.gif in Resources */ = {isa = PBXBuildFile; fileRef = 4E86FFF0281806DE00F126D7 /* agility.gif */; };
		4E86001D281806E200F126D7 /* agility.gif in Resources */ = {isa = PBXBuildFile; fileRef = 4E86FFF0281806DE00F126D7 /* agility.gif */; };
		4E86001E281806E200F126D7 /* peetz.jpg in Resources */ = {isa = PBXBuildFile; fileRef = 4E86FFF1281806DE00F126D7 /* peetz.jpg */; };
		4E86001F281806E200F126D7 /* peetz.jpg in Resources */ = {isa = PBXBuildFile; fileRef = 4E86FFF1281806DE00F126D7 /* peetz.jpg */; };
		4E860020281806E200F126D7 /* saarlog.gif in Resources */ = {isa = PBXBuildFile; fileRef = 4E86FFF2281806DF00F126D7 /* saarlog.gif */; };
		4E860021281806E200F126D7 /* saarlog.gif in Resources */ = {isa = PBXBuildFile; fileRef = 4E86FFF2281806DF00F126D7 /* saarlog.gif */; };
		4E860022281806E200F126D7 /* metalifer.gif in Resources */ = {isa = PBXBuildFile; fileRef = 4E86FFF3281806DF00F126D7 /* metalifer.gif */; };
		4E860023281806E200F126D7 /* metalifer.gif in Resources */ = {isa = PBXBuildFile; fileRef = 4E86FFF3281806DF00F126D7 /* metalifer.gif */; };
		4E860024281806E200F126D7 /* remondis.gif in Resources */ = {isa = PBXBuildFile; fileRef = 4E86FFF4281806DF00F126D7 /* remondis.gif */; };
		4E860025281806E200F126D7 /* remondis.gif in Resources */ = {isa = PBXBuildFile; fileRef = 4E86FFF4281806DF00F126D7 /* remondis.gif */; };
		4E860026281806E200F126D7 /* transco.gif in Resources */ = {isa = PBXBuildFile; fileRef = 4E86FFF5281806DF00F126D7 /* transco.gif */; };
		4E860027281806E200F126D7 /* transco.gif in Resources */ = {isa = PBXBuildFile; fileRef = 4E86FFF5281806DF00F126D7 /* transco.gif */; };
		4E860028281806E200F126D7 /* wax.gif in Resources */ = {isa = PBXBuildFile; fileRef = 4E86FFF6281806DF00F126D7 /* wax.gif */; };
		4E860029281806E200F126D7 /* wax.gif in Resources */ = {isa = PBXBuildFile; fileRef = 4E86FFF6281806DF00F126D7 /* wax.gif */; };
		4E86002A281806E200F126D7 /* panalpina.gif in Resources */ = {isa = PBXBuildFile; fileRef = 4E86FFF7281806DF00F126D7 /* panalpina.gif */; };
		4E86002B281806E200F126D7 /* panalpina.gif in Resources */ = {isa = PBXBuildFile; fileRef = 4E86FFF7281806DF00F126D7 /* panalpina.gif */; };
		4E86002C281806E200F126D7 /* _roadtrain.jpg in Resources */ = {isa = PBXBuildFile; fileRef = 4E86FFF8281806DF00F126D7 /* _roadtrain.jpg */; };
		4E86002D281806E200F126D7 /* _roadtrain.jpg in Resources */ = {isa = PBXBuildFile; fileRef = 4E86FFF8281806DF00F126D7 /* _roadtrain.jpg */; };
		4E86002E281806E200F126D7 /* _aircargo.jpg in Resources */ = {isa = PBXBuildFile; fileRef = 4E86FFF9281806DF00F126D7 /* _aircargo.jpg */; };
		4E86002F281806E200F126D7 /* _aircargo.jpg in Resources */ = {isa = PBXBuildFile; fileRef = 4E86FFF9281806DF00F126D7 /* _aircargo.jpg */; };
		4E860030281806E200F126D7 /* _yellowcab.jpg in Resources */ = {isa = PBXBuildFile; fileRef = 4E86FFFA281806DF00F126D7 /* _yellowcab.jpg */; };
		4E860031281806E200F126D7 /* _yellowcab.jpg in Resources */ = {isa = PBXBuildFile; fileRef = 4E86FFFA281806DF00F126D7 /* _yellowcab.jpg */; };
		4E860032281806E200F126D7 /* cargoline.gif in Resources */ = {isa = PBXBuildFile; fileRef = 4E86FFFB281806E000F126D7 /* cargoline.gif */; };
		4E860033281806E200F126D7 /* cargoline.gif in Resources */ = {isa = PBXBuildFile; fileRef = 4E86FFFB281806E000F126D7 /* cargoline.gif */; };
		4E860034281806E200F126D7 /* _cityexpress.jpg in Resources */ = {isa = PBXBuildFile; fileRef = 4E86FFFC281806E000F126D7 /* _cityexpress.jpg */; };
		4E860035281806E200F126D7 /* _cityexpress.jpg in Resources */ = {isa = PBXBuildFile; fileRef = 4E86FFFC281806E000F126D7 /* _cityexpress.jpg */; };
		4E860036281806E200F126D7 /* dhl.jpg in Resources */ = {isa = PBXBuildFile; fileRef = 4E86FFFD281806E000F126D7 /* dhl.jpg */; };
		4E860037281806E200F126D7 /* dhl.jpg in Resources */ = {isa = PBXBuildFile; fileRef = 4E86FFFD281806E000F126D7 /* dhl.jpg */; };
		4E860038281806E200F126D7 /* srp.gif in Resources */ = {isa = PBXBuildFile; fileRef = 4E86FFFE281806E000F126D7 /* srp.gif */; };
		4E860039281806E200F126D7 /* srp.gif in Resources */ = {isa = PBXBuildFile; fileRef = 4E86FFFE281806E000F126D7 /* srp.gif */; };
		4E86003A281806E200F126D7 /* logwin.gif in Resources */ = {isa = PBXBuildFile; fileRef = 4E86FFFF281806E000F126D7 /* logwin.gif */; };
		4E86003B281806E200F126D7 /* logwin.gif in Resources */ = {isa = PBXBuildFile; fileRef = 4E86FFFF281806E000F126D7 /* logwin.gif */; };
		4E86003C281806E200F126D7 /* panalpina.jpg in Resources */ = {isa = PBXBuildFile; fileRef = 4E860000281806E000F126D7 /* panalpina.jpg */; };
		4E86003D281806E200F126D7 /* panalpina.jpg in Resources */ = {isa = PBXBuildFile; fileRef = 4E860000281806E000F126D7 /* panalpina.jpg */; };
		4E86003E281806E200F126D7 /* schaeflein.jpg in Resources */ = {isa = PBXBuildFile; fileRef = 4E860001281806E000F126D7 /* schaeflein.jpg */; };
		4E86003F281806E200F126D7 /* schaeflein.jpg in Resources */ = {isa = PBXBuildFile; fileRef = 4E860001281806E000F126D7 /* schaeflein.jpg */; };
		4E860040281806E200F126D7 /* hauser.jpg in Resources */ = {isa = PBXBuildFile; fileRef = 4E860002281806E000F126D7 /* hauser.jpg */; };
		4E860041281806E200F126D7 /* hauser.jpg in Resources */ = {isa = PBXBuildFile; fileRef = 4E860002281806E000F126D7 /* hauser.jpg */; };
		4E860042281806E200F126D7 /* mdu.jpg in Resources */ = {isa = PBXBuildFile; fileRef = 4E860003281806E000F126D7 /* mdu.jpg */; };
		4E860043281806E200F126D7 /* mdu.jpg in Resources */ = {isa = PBXBuildFile; fileRef = 4E860003281806E000F126D7 /* mdu.jpg */; };
		4E860044281806E200F126D7 /* _greenlimo.jpg in Resources */ = {isa = PBXBuildFile; fileRef = 4E860004281806E000F126D7 /* _greenlimo.jpg */; };
		4E860045281806E200F126D7 /* _greenlimo.jpg in Resources */ = {isa = PBXBuildFile; fileRef = 4E860004281806E000F126D7 /* _greenlimo.jpg */; };
		4E860046281806E200F126D7 /* stickel.jpg in Resources */ = {isa = PBXBuildFile; fileRef = 4E860005281806E100F126D7 /* stickel.jpg */; };
		4E860047281806E200F126D7 /* stickel.jpg in Resources */ = {isa = PBXBuildFile; fileRef = 4E860005281806E100F126D7 /* stickel.jpg */; };
		4E860048281806E200F126D7 /* schenker.gif in Resources */ = {isa = PBXBuildFile; fileRef = 4E860006281806E100F126D7 /* schenker.gif */; };
		4E860049281806E200F126D7 /* schenker.gif in Resources */ = {isa = PBXBuildFile; fileRef = 4E860006281806E100F126D7 /* schenker.gif */; };
		4E86004A281806E200F126D7 /* glx1.jpg in Resources */ = {isa = PBXBuildFile; fileRef = 4E860007281806E100F126D7 /* glx1.jpg */; };
		4E86004B281806E200F126D7 /* glx1.jpg in Resources */ = {isa = PBXBuildFile; fileRef = 4E860007281806E100F126D7 /* glx1.jpg */; };
		4E86004C281806E200F126D7 /* willibetz.gif in Resources */ = {isa = PBXBuildFile; fileRef = 4E860008281806E100F126D7 /* willibetz.gif */; };
		4E86004D281806E200F126D7 /* willibetz.gif in Resources */ = {isa = PBXBuildFile; fileRef = 4E860008281806E100F126D7 /* willibetz.gif */; };
		4E86004E281806E200F126D7 /* ups.jpg in Resources */ = {isa = PBXBuildFile; fileRef = 4E860009281806E100F126D7 /* ups.jpg */; };
		4E86004F281806E200F126D7 /* ups.jpg in Resources */ = {isa = PBXBuildFile; fileRef = 4E860009281806E100F126D7 /* ups.jpg */; };
		4E860053281820D200F126D7 /* ScanView.swift in Sources */ = {isa = PBXBuildFile; fileRef = 4E860052281820D200F126D7 /* ScanView.swift */; };
		4E860054281820D200F126D7 /* ScanView.swift in Sources */ = {isa = PBXBuildFile; fileRef = 4E860052281820D200F126D7 /* ScanView.swift */; };
		4E8600592818218300F126D7 /* ScannerView.swift in Sources */ = {isa = PBXBuildFile; fileRef = 4E8600582818218300F126D7 /* ScannerView.swift */; };
		4E86005A2818218300F126D7 /* ScannerView.swift in Sources */ = {isa = PBXBuildFile; fileRef = 4E8600582818218300F126D7 /* ScannerView.swift */; };
		4E86FFD82816815700F126D7 /* QuakeView.swift in Sources */ = {isa = PBXBuildFile; fileRef = 4E86FFD72816815700F126D7 /* QuakeView.swift */; };
		4E86FFD92816815700F126D7 /* QuakeView.swift in Sources */ = {isa = PBXBuildFile; fileRef = 4E86FFD72816815700F126D7 /* QuakeView.swift */; };
		4E86FFDE2816926900F126D7 /* MediaSortSelection.swift in Sources */ = {isa = PBXBuildFile; fileRef = 4E86FFDD2816926900F126D7 /* MediaSortSelection.swift */; };
		4E86FFDF2816926900F126D7 /* MediaSortSelection.swift in Sources */ = {isa = PBXBuildFile; fileRef = 4E86FFDD2816926900F126D7 /* MediaSortSelection.swift */; };
		4E86FFE128169EBF00F126D7 /* QuakeSortSelection.swift in Sources */ = {isa = PBXBuildFile; fileRef = 4E86FFE028169EBF00F126D7 /* QuakeSortSelection.swift */; };
		4E86FFE228169EBF00F126D7 /* QuakeSortSelection.swift in Sources */ = {isa = PBXBuildFile; fileRef = 4E86FFE028169EBF00F126D7 /* QuakeSortSelection.swift */; };
		4E956211282AC560006F7D14 /* AnalyzeButton.swift in Sources */ = {isa = PBXBuildFile; fileRef = 4E956210282AC560006F7D14 /* AnalyzeButton.swift */; };
		4E956212282AC560006F7D14 /* AnalyzeButton.swift in Sources */ = {isa = PBXBuildFile; fileRef = 4E956210282AC560006F7D14 /* AnalyzeButton.swift */; };
		4E9CF7D728345A3600DB2851 /* SectionRow.swift in Sources */ = {isa = PBXBuildFile; fileRef = 4E9CF7D628345A3600DB2851 /* SectionRow.swift */; };
		4E9CF7D828345A3600DB2851 /* SectionRow.swift in Sources */ = {isa = PBXBuildFile; fileRef = 4E9CF7D628345A3600DB2851 /* SectionRow.swift */; };
		4E9CF7DA2834E11E00DB2851 /* AnalyzeButtonAuto.swift in Sources */ = {isa = PBXBuildFile; fileRef = 4E9CF7D92834E11E00DB2851 /* AnalyzeButtonAuto.swift */; };
		4E9CF7DB2834E11F00DB2851 /* AnalyzeButtonAuto.swift in Sources */ = {isa = PBXBuildFile; fileRef = 4E9CF7D92834E11E00DB2851 /* AnalyzeButtonAuto.swift */; };
		4EA9F34E281B303900AED467 /* MediaSectionList.swift in Sources */ = {isa = PBXBuildFile; fileRef = 4EA9F34D281B303900AED467 /* MediaSectionList.swift */; };
		4EA9F34F281B303900AED467 /* MediaSectionList.swift in Sources */ = {isa = PBXBuildFile; fileRef = 4EA9F34D281B303900AED467 /* MediaSectionList.swift */; };
		4EA9F351281B31A600AED467 /* MediaList.swift in Sources */ = {isa = PBXBuildFile; fileRef = 4EA9F350281B31A600AED467 /* MediaList.swift */; };
		4EA9F352281B31A600AED467 /* MediaList.swift in Sources */ = {isa = PBXBuildFile; fileRef = 4EA9F350281B31A600AED467 /* MediaList.swift */; };
		4EC3A0A1282809780085DD74 /* Uploader.swift in Sources */ = {isa = PBXBuildFile; fileRef = 4EC3A0A0282809780085DD74 /* Uploader.swift */; };
		4EC3A0A2282809780085DD74 /* Uploader.swift in Sources */ = {isa = PBXBuildFile; fileRef = 4EC3A0A0282809780085DD74 /* Uploader.swift */; };
		4EC3A0A4282809DE0085DD74 /* URLRequest+Init.swift in Sources */ = {isa = PBXBuildFile; fileRef = 4EC3A0A3282809DE0085DD74 /* URLRequest+Init.swift */; };
		4EC3A0A5282809DE0085DD74 /* URLRequest+Init.swift in Sources */ = {isa = PBXBuildFile; fileRef = 4EC3A0A3282809DE0085DD74 /* URLRequest+Init.swift */; };
		4EC3A0A728280B3E0085DD74 /* Data+MIMEType.swift in Sources */ = {isa = PBXBuildFile; fileRef = 4EC3A0A628280B3E0085DD74 /* Data+MIMEType.swift */; };
		4EC3A0A828280B3E0085DD74 /* Data+MIMEType.swift in Sources */ = {isa = PBXBuildFile; fileRef = 4EC3A0A628280B3E0085DD74 /* Data+MIMEType.swift */; };
		4ED738E4281604E300C310B3 /* Media.xcdatamodeld in Sources */ = {isa = PBXBuildFile; fileRef = 4ED738E2281604E300C310B3 /* Media.xcdatamodeld */; };
		4ED738E5281604E300C310B3 /* Media.xcdatamodeld in Sources */ = {isa = PBXBuildFile; fileRef = 4ED738E2281604E300C310B3 /* Media.xcdatamodeld */; };
		4EF06DDA2832FBA10048C198 /* SectionList.swift in Sources */ = {isa = PBXBuildFile; fileRef = 4EF06DD92832FBA10048C198 /* SectionList.swift */; };
		4EF06DDB2832FBA10048C198 /* SectionList.swift in Sources */ = {isa = PBXBuildFile; fileRef = 4EF06DD92832FBA10048C198 /* SectionList.swift */; };
		4EF2BB4E283AF38100D8C5E9 /* StatusLabel.swift in Sources */ = {isa = PBXBuildFile; fileRef = 4EF2BB4D283AF38100D8C5E9 /* StatusLabel.swift */; };
		4EF2BB4F283AF38100D8C5E9 /* StatusLabel.swift in Sources */ = {isa = PBXBuildFile; fileRef = 4EF2BB4D283AF38100D8C5E9 /* StatusLabel.swift */; };
		4EF2BB51283AFBCF00D8C5E9 /* InfoBox.swift in Sources */ = {isa = PBXBuildFile; fileRef = 4EF2BB50283AFBCF00D8C5E9 /* InfoBox.swift */; };
		4EF2BB52283AFBCF00D8C5E9 /* InfoBox.swift in Sources */ = {isa = PBXBuildFile; fileRef = 4EF2BB50283AFBCF00D8C5E9 /* InfoBox.swift */; };
		AD2FC4C82654EF0800E135D2 /* DScanAppWrapper.swift in Sources */ = {isa = PBXBuildFile; fileRef = AD43F1E526158A640068AABC /* DScanAppWrapper.swift */; };
		AD2FC4CA2654EF7C00E135D2 /* QuakesProvider.swift in Sources */ = {isa = PBXBuildFile; fileRef = AD43F1FE26158DAF0068AABC /* QuakesProvider.swift */; };
		AD2FC4CB2654EF7C00E135D2 /* Quake.swift in Sources */ = {isa = PBXBuildFile; fileRef = AD43F1F826158CD50068AABC /* Quake.swift */; };
		AD2FC4CC2654EF7C00E135D2 /* DscanError.swift in Sources */ = {isa = PBXBuildFile; fileRef = AD43F1FC26158D5A0068AABC /* DscanError.swift */; };
		AD2FC4CD2654EF8200E135D2 /* QuakeMagnitude.swift in Sources */ = {isa = PBXBuildFile; fileRef = ADDDB17E2625235600241A73 /* QuakeMagnitude.swift */; };
		AD2FC4CE2654EF8200E135D2 /* QuakeRow.swift in Sources */ = {isa = PBXBuildFile; fileRef = ADDDB1802625242200241A73 /* QuakeRow.swift */; };
		AD2FC4CF2654EF8200E135D2 /* QuakeDetail.swift in Sources */ = {isa = PBXBuildFile; fileRef = ADDDB1822625249600241A73 /* QuakeDetail.swift */; };
		AD43F1E626158A640068AABC /* DScanAppWrapper.swift in Sources */ = {isa = PBXBuildFile; fileRef = AD43F1E526158A640068AABC /* DScanAppWrapper.swift */; };
		AD43F1EA26158A660068AABC /* Assets.xcassets in Resources */ = {isa = PBXBuildFile; fileRef = AD43F1E926158A660068AABC /* Assets.xcassets */; };
		AD43F1ED26158A660068AABC /* Preview Assets.xcassets in Resources */ = {isa = PBXBuildFile; fileRef = AD43F1EC26158A660068AABC /* Preview Assets.xcassets */; };
		AD43F1FA26158CD50068AABC /* Quake.swift in Sources */ = {isa = PBXBuildFile; fileRef = AD43F1F826158CD50068AABC /* Quake.swift */; };
		AD43F1FD26158D5A0068AABC /* DscanError.swift in Sources */ = {isa = PBXBuildFile; fileRef = AD43F1FC26158D5A0068AABC /* DscanError.swift */; };
		AD43F1FF26158DAF0068AABC /* QuakesProvider.swift in Sources */ = {isa = PBXBuildFile; fileRef = AD43F1FE26158DAF0068AABC /* QuakesProvider.swift */; };
		AD57B0F226561178005183D0 /* ToolbarStatus.swift in Sources */ = {isa = PBXBuildFile; fileRef = AD57B0F126561178005183D0 /* ToolbarStatus.swift */; };
		AD57B0F326561178005183D0 /* ToolbarStatus.swift in Sources */ = {isa = PBXBuildFile; fileRef = AD57B0F126561178005183D0 /* ToolbarStatus.swift */; };
		AD57B0F626561347005183D0 /* RefreshButton.swift in Sources */ = {isa = PBXBuildFile; fileRef = AD57B0F526561347005183D0 /* RefreshButton.swift */; };
		AD57B0F726561347005183D0 /* RefreshButton.swift in Sources */ = {isa = PBXBuildFile; fileRef = AD57B0F526561347005183D0 /* RefreshButton.swift */; };
		AD57B0F926561484005183D0 /* DeleteButton.swift in Sources */ = {isa = PBXBuildFile; fileRef = AD57B0F826561484005183D0 /* DeleteButton.swift */; };
		AD57B0FA26561484005183D0 /* DeleteButton.swift in Sources */ = {isa = PBXBuildFile; fileRef = AD57B0F826561484005183D0 /* DeleteButton.swift */; };
		AD57B0FC26561547005183D0 /* EditButton.swift in Sources */ = {isa = PBXBuildFile; fileRef = AD57B0FB26561547005183D0 /* EditButton.swift */; };
		AD57B10226561FE1005183D0 /* ContentView.swift in Sources */ = {isa = PBXBuildFile; fileRef = AD57B10126561FE1005183D0 /* ContentView.swift */; };
		AD57B10326561FE1005183D0 /* ContentView.swift in Sources */ = {isa = PBXBuildFile; fileRef = AD57B10126561FE1005183D0 /* ContentView.swift */; };
		AD57B1052656F405005183D0 /* SelectButton.swift in Sources */ = {isa = PBXBuildFile; fileRef = AD57B1042656F405005183D0 /* SelectButton.swift */; };
		ADDDB17F2625235600241A73 /* QuakeMagnitude.swift in Sources */ = {isa = PBXBuildFile; fileRef = ADDDB17E2625235600241A73 /* QuakeMagnitude.swift */; };
		ADDDB1812625242200241A73 /* QuakeRow.swift in Sources */ = {isa = PBXBuildFile; fileRef = ADDDB1802625242200241A73 /* QuakeRow.swift */; };
		ADDDB1832625249600241A73 /* QuakeDetail.swift in Sources */ = {isa = PBXBuildFile; fileRef = ADDDB1822625249600241A73 /* QuakeDetail.swift */; };
/* End PBXBuildFile section */

/* Begin PBXFileReference section */
		20E8E62C4A6D78D282B06BA8 /* ACKNOWLEDGEMENTS.txt */ = {isa = PBXFileReference; includeInIndex = 1; lastKnownFileType = text; path = ACKNOWLEDGEMENTS.txt; sourceTree = "<group>"; };
		26EEA7CAFEEF3C5809214465 /* README.md */ = {isa = PBXFileReference; lastKnownFileType = net.daringfireball.markdown; path = README.md; sourceTree = "<group>"; };
		4E076CEE282520080049B9E8 /* SettingsView.swift */ = {isa = PBXFileReference; fileEncoding = 4; lastKnownFileType = sourcecode.swift; path = SettingsView.swift; sourceTree = "<group>"; };
		4E191880283D55F4007E9B47 /* JSONDrivenUI */ = {isa = PBXFileReference; lastKnownFileType = wrapper; name = JSONDrivenUI; path = ../../iOS/JSONDrivenUI; sourceTree = "<group>"; };
		4E191881283D5B34007E9B47 /* JSONUI.swift */ = {isa = PBXFileReference; lastKnownFileType = sourcecode.swift; path = JSONUI.swift; sourceTree = "<group>"; };
		4E1A87DC28399E2500F9958B /* WebView.swift */ = {isa = PBXFileReference; lastKnownFileType = sourcecode.swift; path = WebView.swift; sourceTree = "<group>"; };
		4E24DA0D2814AAB300A39C7D /* Media.swift */ = {isa = PBXFileReference; lastKnownFileType = sourcecode.swift; path = Media.swift; sourceTree = "<group>"; };
		4E24DA152814BB4600A39C7D /* Earthquakes.xcdatamodel */ = {isa = PBXFileReference; lastKnownFileType = wrapper.xcdatamodel; path = Earthquakes.xcdatamodel; sourceTree = "<group>"; };
		4E24DA1C2814BFFA00A39C7D /* MediaProvider.swift */ = {isa = PBXFileReference; lastKnownFileType = sourcecode.swift; path = MediaProvider.swift; sourceTree = "<group>"; };
		4E24DA1F281522BE00A39C7D /* SectionHeader.swift */ = {isa = PBXFileReference; lastKnownFileType = sourcecode.swift; path = SectionHeader.swift; sourceTree = "<group>"; };
		4E24DA222815D57000A39C7D /* MediaSection.swift */ = {isa = PBXFileReference; lastKnownFileType = sourcecode.swift; path = MediaSection.swift; sourceTree = "<group>"; };
		4E24DA252815EABD00A39C7D /* MediaRow.swift */ = {isa = PBXFileReference; lastKnownFileType = sourcecode.swift; path = MediaRow.swift; sourceTree = "<group>"; };
		4E24DA282815EC1600A39C7D /* MediaThumbnail.swift */ = {isa = PBXFileReference; lastKnownFileType = sourcecode.swift; path = MediaThumbnail.swift; sourceTree = "<group>"; };
		4E24DA2E2815EF5D00A39C7D /* View+Extensions.swift */ = {isa = PBXFileReference; fileEncoding = 4; lastKnownFileType = sourcecode.swift; path = "View+Extensions.swift"; sourceTree = "<group>"; };
		4E24DA312815F16800A39C7D /* MediaDetail.swift */ = {isa = PBXFileReference; lastKnownFileType = sourcecode.swift; path = MediaDetail.swift; sourceTree = "<group>"; };
		4E3BE65C280552860049DD03 /* QuakeSort.swift */ = {isa = PBXFileReference; lastKnownFileType = sourcecode.swift; path = QuakeSort.swift; sourceTree = "<group>"; };
		4E3EDFF7283D7772005F44CD /* ChatBubble.swift */ = {isa = PBXFileReference; lastKnownFileType = sourcecode.swift; path = ChatBubble.swift; sourceTree = "<group>"; };
		4E3EDFFA283D8830005F44CD /* ToolbarRefreshStatus.swift */ = {isa = PBXFileReference; lastKnownFileType = sourcecode.swift; path = ToolbarRefreshStatus.swift; sourceTree = "<group>"; };
		4E425E0B2839428E00D37CA0 /* LastUpdatedView.swift */ = {isa = PBXFileReference; lastKnownFileType = sourcecode.swift; path = LastUpdatedView.swift; sourceTree = "<group>"; };
		4E5B7D87282171B400842FE2 /* DScanApp.swift */ = {isa = PBXFileReference; fileEncoding = 4; lastKnownFileType = sourcecode.swift; path = DScanApp.swift; sourceTree = "<group>"; };
		4E7C1793282A5B3A001CB909 /* ZoomableScrollView.swift */ = {isa = PBXFileReference; lastKnownFileType = sourcecode.swift; path = ZoomableScrollView.swift; sourceTree = "<group>"; };
		4E860000281806E000F126D7 /* panalpina.jpg */ = {isa = PBXFileReference; lastKnownFileType = image.jpeg; path = panalpina.jpg; sourceTree = "<group>"; };
		4E860001281806E000F126D7 /* schaeflein.jpg */ = {isa = PBXFileReference; lastKnownFileType = image.jpeg; path = schaeflein.jpg; sourceTree = "<group>"; };
		4E860002281806E000F126D7 /* hauser.jpg */ = {isa = PBXFileReference; lastKnownFileType = image.jpeg; path = hauser.jpg; sourceTree = "<group>"; };
		4E860003281806E000F126D7 /* mdu.jpg */ = {isa = PBXFileReference; lastKnownFileType = image.jpeg; path = mdu.jpg; sourceTree = "<group>"; };
		4E860004281806E000F126D7 /* _greenlimo.jpg */ = {isa = PBXFileReference; lastKnownFileType = image.jpeg; path = _greenlimo.jpg; sourceTree = "<group>"; };
		4E860005281806E100F126D7 /* stickel.jpg */ = {isa = PBXFileReference; lastKnownFileType = image.jpeg; path = stickel.jpg; sourceTree = "<group>"; };
		4E860006281806E100F126D7 /* schenker.gif */ = {isa = PBXFileReference; lastKnownFileType = image.gif; path = schenker.gif; sourceTree = "<group>"; };
		4E860007281806E100F126D7 /* glx1.jpg */ = {isa = PBXFileReference; lastKnownFileType = image.jpeg; path = glx1.jpg; sourceTree = "<group>"; };
		4E860008281806E100F126D7 /* willibetz.gif */ = {isa = PBXFileReference; lastKnownFileType = image.gif; path = willibetz.gif; sourceTree = "<group>"; };
		4E860009281806E100F126D7 /* ups.jpg */ = {isa = PBXFileReference; lastKnownFileType = image.jpeg; path = ups.jpg; sourceTree = "<group>"; };
		4E860052281820D200F126D7 /* ScanView.swift */ = {isa = PBXFileReference; lastKnownFileType = sourcecode.swift; path = ScanView.swift; sourceTree = "<group>"; };
		4E8600582818218300F126D7 /* ScannerView.swift */ = {isa = PBXFileReference; lastKnownFileType = sourcecode.swift; path = ScannerView.swift; sourceTree = "<group>"; };
		4E86FFD72816815700F126D7 /* QuakeView.swift */ = {isa = PBXFileReference; lastKnownFileType = sourcecode.swift; path = QuakeView.swift; sourceTree = "<group>"; };
		4E86FFDD2816926900F126D7 /* MediaSortSelection.swift */ = {isa = PBXFileReference; lastKnownFileType = sourcecode.swift; path = MediaSortSelection.swift; sourceTree = "<group>"; };
		4E86FFE028169EBF00F126D7 /* QuakeSortSelection.swift */ = {isa = PBXFileReference; lastKnownFileType = sourcecode.swift; path = QuakeSortSelection.swift; sourceTree = "<group>"; };
		4E86FFE32816BCF000F126D7 /* Info.plist */ = {isa = PBXFileReference; lastKnownFileType = text.plist; path = Info.plist; sourceTree = "<group>"; };
		4E86FFE7281806DD00F126D7 /* _nighttrain.jpg */ = {isa = PBXFileReference; lastKnownFileType = image.jpeg; path = _nighttrain.jpg; sourceTree = "<group>"; };
		4E86FFE8281806DD00F126D7 /* a_s.jpg */ = {isa = PBXFileReference; lastKnownFileType = image.jpeg; path = a_s.jpg; sourceTree = "<group>"; };
		4E86FFE9281806DD00F126D7 /* _seafreight.jpg */ = {isa = PBXFileReference; lastKnownFileType = image.jpeg; path = _seafreight.jpg; sourceTree = "<group>"; };
		4E86FFEA281806DD00F126D7 /* dpd.jpg */ = {isa = PBXFileReference; lastKnownFileType = image.jpeg; path = dpd.jpg; sourceTree = "<group>"; };
		4E86FFEB281806DE00F126D7 /* di.gif */ = {isa = PBXFileReference; lastKnownFileType = image.gif; path = di.gif; sourceTree = "<group>"; };
		4E86FFEC281806DE00F126D7 /* hoerth.jpg */ = {isa = PBXFileReference; lastKnownFileType = image.jpeg; path = hoerth.jpg; sourceTree = "<group>"; };
		4E86FFED281806DE00F126D7 /* konz.gif */ = {isa = PBXFileReference; lastKnownFileType = image.gif; path = konz.gif; sourceTree = "<group>"; };
		4E86FFEE281806DE00F126D7 /* glx.jpg */ = {isa = PBXFileReference; lastKnownFileType = image.jpeg; path = glx.jpg; sourceTree = "<group>"; };
		4E86FFEF281806DE00F126D7 /* aus.gif */ = {isa = PBXFileReference; lastKnownFileType = image.gif; path = aus.gif; sourceTree = "<group>"; };
		4E86FFF0281806DE00F126D7 /* agility.gif */ = {isa = PBXFileReference; lastKnownFileType = image.gif; path = agility.gif; sourceTree = "<group>"; };
		4E86FFF1281806DE00F126D7 /* peetz.jpg */ = {isa = PBXFileReference; lastKnownFileType = image.jpeg; path = peetz.jpg; sourceTree = "<group>"; };
		4E86FFF2281806DF00F126D7 /* saarlog.gif */ = {isa = PBXFileReference; lastKnownFileType = image.gif; path = saarlog.gif; sourceTree = "<group>"; };
		4E86FFF3281806DF00F126D7 /* metalifer.gif */ = {isa = PBXFileReference; lastKnownFileType = image.gif; path = metalifer.gif; sourceTree = "<group>"; };
		4E86FFF4281806DF00F126D7 /* remondis.gif */ = {isa = PBXFileReference; lastKnownFileType = image.gif; path = remondis.gif; sourceTree = "<group>"; };
		4E86FFF5281806DF00F126D7 /* transco.gif */ = {isa = PBXFileReference; lastKnownFileType = image.gif; path = transco.gif; sourceTree = "<group>"; };
		4E86FFF6281806DF00F126D7 /* wax.gif */ = {isa = PBXFileReference; lastKnownFileType = image.gif; path = wax.gif; sourceTree = "<group>"; };
		4E86FFF7281806DF00F126D7 /* panalpina.gif */ = {isa = PBXFileReference; lastKnownFileType = image.gif; path = panalpina.gif; sourceTree = "<group>"; };
		4E86FFF8281806DF00F126D7 /* _roadtrain.jpg */ = {isa = PBXFileReference; lastKnownFileType = image.jpeg; path = _roadtrain.jpg; sourceTree = "<group>"; };
		4E86FFF9281806DF00F126D7 /* _aircargo.jpg */ = {isa = PBXFileReference; lastKnownFileType = image.jpeg; path = _aircargo.jpg; sourceTree = "<group>"; };
		4E86FFFA281806DF00F126D7 /* _yellowcab.jpg */ = {isa = PBXFileReference; lastKnownFileType = image.jpeg; path = _yellowcab.jpg; sourceTree = "<group>"; };
		4E86FFFB281806E000F126D7 /* cargoline.gif */ = {isa = PBXFileReference; lastKnownFileType = image.gif; path = cargoline.gif; sourceTree = "<group>"; };
		4E86FFFC281806E000F126D7 /* _cityexpress.jpg */ = {isa = PBXFileReference; lastKnownFileType = image.jpeg; path = _cityexpress.jpg; sourceTree = "<group>"; };
		4E86FFFD281806E000F126D7 /* dhl.jpg */ = {isa = PBXFileReference; lastKnownFileType = image.jpeg; path = dhl.jpg; sourceTree = "<group>"; };
		4E86FFFE281806E000F126D7 /* srp.gif */ = {isa = PBXFileReference; lastKnownFileType = image.gif; path = srp.gif; sourceTree = "<group>"; };
		4E86FFFF281806E000F126D7 /* logwin.gif */ = {isa = PBXFileReference; lastKnownFileType = image.gif; path = logwin.gif; sourceTree = "<group>"; };
		4E956210282AC560006F7D14 /* AnalyzeButton.swift */ = {isa = PBXFileReference; lastKnownFileType = sourcecode.swift; path = AnalyzeButton.swift; sourceTree = "<group>"; };
		4E9CF7D628345A3600DB2851 /* SectionRow.swift */ = {isa = PBXFileReference; lastKnownFileType = sourcecode.swift; path = SectionRow.swift; sourceTree = "<group>"; };
		4E9CF7D92834E11E00DB2851 /* AnalyzeButtonAuto.swift */ = {isa = PBXFileReference; lastKnownFileType = sourcecode.swift; path = AnalyzeButtonAuto.swift; sourceTree = "<group>"; };
		4EA9F34D281B303900AED467 /* MediaSectionList.swift */ = {isa = PBXFileReference; lastKnownFileType = sourcecode.swift; path = MediaSectionList.swift; sourceTree = "<group>"; };
		4EA9F350281B31A600AED467 /* MediaList.swift */ = {isa = PBXFileReference; lastKnownFileType = sourcecode.swift; path = MediaList.swift; sourceTree = "<group>"; };
		4EC3A0A0282809780085DD74 /* Uploader.swift */ = {isa = PBXFileReference; lastKnownFileType = sourcecode.swift; path = Uploader.swift; sourceTree = "<group>"; };
		4EC3A0A3282809DE0085DD74 /* URLRequest+Init.swift */ = {isa = PBXFileReference; lastKnownFileType = sourcecode.swift; path = "URLRequest+Init.swift"; sourceTree = "<group>"; };
		4EC3A0A628280B3E0085DD74 /* Data+MIMEType.swift */ = {isa = PBXFileReference; lastKnownFileType = sourcecode.swift; path = "Data+MIMEType.swift"; sourceTree = "<group>"; };
		4ED738E3281604E300C310B3 /* Media.xcdatamodel */ = {isa = PBXFileReference; lastKnownFileType = wrapper.xcdatamodel; path = Media.xcdatamodel; sourceTree = "<group>"; };
		4EF06DD92832FBA10048C198 /* SectionList.swift */ = {isa = PBXFileReference; lastKnownFileType = sourcecode.swift; path = SectionList.swift; sourceTree = "<group>"; };
		4EF2BB4D283AF38100D8C5E9 /* StatusLabel.swift */ = {isa = PBXFileReference; lastKnownFileType = sourcecode.swift; path = StatusLabel.swift; sourceTree = "<group>"; };
		4EF2BB50283AFBCF00D8C5E9 /* InfoBox.swift */ = {isa = PBXFileReference; lastKnownFileType = sourcecode.swift; path = InfoBox.swift; sourceTree = "<group>"; };
		54CF5BED3CD9DE525986B01C /* LICENSE.txt */ = {isa = PBXFileReference; includeInIndex = 1; lastKnownFileType = text; path = LICENSE.txt; sourceTree = "<group>"; };
		6EC8C05DC1E92B40CD3EBA87 /* SampleCode.xcconfig */ = {isa = PBXFileReference; lastKnownFileType = text.xcconfig; name = SampleCode.xcconfig; path = Configuration/SampleCode.xcconfig; sourceTree = "<group>"; };
		AD2FC4B92654EE7800E135D2 /* dscan.app */ = {isa = PBXFileReference; explicitFileType = wrapper.application; includeInIndex = 0; path = dscan.app; sourceTree = BUILT_PRODUCTS_DIR; };
		AD43F1E226158A640068AABC /* dscan.app */ = {isa = PBXFileReference; explicitFileType = wrapper.application; includeInIndex = 0; path = dscan.app; sourceTree = BUILT_PRODUCTS_DIR; };
		AD43F1E526158A640068AABC /* DScanAppWrapper.swift */ = {isa = PBXFileReference; lastKnownFileType = sourcecode.swift; path = DScanAppWrapper.swift; sourceTree = "<group>"; };
		AD43F1E926158A660068AABC /* Assets.xcassets */ = {isa = PBXFileReference; lastKnownFileType = folder.assetcatalog; path = Assets.xcassets; sourceTree = "<group>"; };
		AD43F1EC26158A660068AABC /* Preview Assets.xcassets */ = {isa = PBXFileReference; lastKnownFileType = folder.assetcatalog; path = "Preview Assets.xcassets"; sourceTree = "<group>"; };
		AD43F1F826158CD50068AABC /* Quake.swift */ = {isa = PBXFileReference; lastKnownFileType = sourcecode.swift; path = Quake.swift; sourceTree = "<group>"; };
		AD43F1FC26158D5A0068AABC /* DscanError.swift */ = {isa = PBXFileReference; lastKnownFileType = sourcecode.swift; path = DscanError.swift; sourceTree = "<group>"; };
		AD43F1FE26158DAF0068AABC /* QuakesProvider.swift */ = {isa = PBXFileReference; lastKnownFileType = sourcecode.swift; path = QuakesProvider.swift; sourceTree = "<group>"; };
		AD43F20026158E3D0068AABC /* Earthquakes.entitlements */ = {isa = PBXFileReference; lastKnownFileType = text.plist.entitlements; path = Earthquakes.entitlements; sourceTree = "<group>"; };
		AD57B0F126561178005183D0 /* ToolbarStatus.swift */ = {isa = PBXFileReference; lastKnownFileType = sourcecode.swift; path = ToolbarStatus.swift; sourceTree = "<group>"; };
		AD57B0F526561347005183D0 /* RefreshButton.swift */ = {isa = PBXFileReference; lastKnownFileType = sourcecode.swift; path = RefreshButton.swift; sourceTree = "<group>"; };
		AD57B0F826561484005183D0 /* DeleteButton.swift */ = {isa = PBXFileReference; lastKnownFileType = sourcecode.swift; path = DeleteButton.swift; sourceTree = "<group>"; };
		AD57B0FB26561547005183D0 /* EditButton.swift */ = {isa = PBXFileReference; lastKnownFileType = sourcecode.swift; path = EditButton.swift; sourceTree = "<group>"; };
		AD57B10126561FE1005183D0 /* ContentView.swift */ = {isa = PBXFileReference; lastKnownFileType = sourcecode.swift; path = ContentView.swift; sourceTree = "<group>"; };
		AD57B1042656F405005183D0 /* SelectButton.swift */ = {isa = PBXFileReference; lastKnownFileType = sourcecode.swift; path = SelectButton.swift; sourceTree = "<group>"; };
		ADDDB17E2625235600241A73 /* QuakeMagnitude.swift */ = {isa = PBXFileReference; lastKnownFileType = sourcecode.swift; path = QuakeMagnitude.swift; sourceTree = "<group>"; };
		ADDDB1802625242200241A73 /* QuakeRow.swift */ = {isa = PBXFileReference; lastKnownFileType = sourcecode.swift; path = QuakeRow.swift; sourceTree = "<group>"; };
		ADDDB1822625249600241A73 /* QuakeDetail.swift */ = {isa = PBXFileReference; lastKnownFileType = sourcecode.swift; path = QuakeDetail.swift; sourceTree = "<group>"; };
/* End PBXFileReference section */

/* Begin PBXFrameworksBuildPhase section */
		AD2FC4B62654EE7800E135D2 /* Frameworks */ = {
			isa = PBXFrameworksBuildPhase;
			buildActionMask = 2147483647;
			files = (
			);
			runOnlyForDeploymentPostprocessing = 0;
		};
		AD43F1DF26158A640068AABC /* Frameworks */ = {
			isa = PBXFrameworksBuildPhase;
			buildActionMask = 2147483647;
			files = (
				4E191886283D5DA0007E9B47 /* JSONDrivenUI in Frameworks */,
				4E5B7D83281FAC0F00842FE2 /* NukeUI in Frameworks */,
			);
			runOnlyForDeploymentPostprocessing = 0;
		};
/* End PBXFrameworksBuildPhase section */

/* Begin PBXGroup section */
		4E072FD4283ECA570055CCCB /* Media */ = {
			isa = PBXGroup;
			children = (
			);
			path = Media;
			sourceTree = "<group>";
		};
		4E19187F283D55F4007E9B47 /* Packages */ = {
			isa = PBXGroup;
			children = (
				4E191880283D55F4007E9B47 /* JSONDrivenUI */,
			);
			name = Packages;
			sourceTree = "<group>";
		};
		4E191884283D5DA0007E9B47 /* Frameworks */ = {
			isa = PBXGroup;
			children = (
			);
			name = Frameworks;
			sourceTree = "<group>";
		};
		4E860050281806ED00F126D7 /* img */ = {
			isa = PBXGroup;
			children = (
				4E860051281806FF00F126D7 /* carriers */,
			);
			path = img;
			sourceTree = "<group>";
		};
		4E860051281806FF00F126D7 /* carriers */ = {
			isa = PBXGroup;
			children = (
				4E86FFF9281806DF00F126D7 /* _aircargo.jpg */,
				4E86FFFC281806E000F126D7 /* _cityexpress.jpg */,
				4E860004281806E000F126D7 /* _greenlimo.jpg */,
				4E86FFE7281806DD00F126D7 /* _nighttrain.jpg */,
				4E86FFF8281806DF00F126D7 /* _roadtrain.jpg */,
				4E86FFE9281806DD00F126D7 /* _seafreight.jpg */,
				4E86FFFA281806DF00F126D7 /* _yellowcab.jpg */,
				4E86FFE8281806DD00F126D7 /* a_s.jpg */,
				4E86FFF0281806DE00F126D7 /* agility.gif */,
				4E86FFEF281806DE00F126D7 /* aus.gif */,
				4E86FFFB281806E000F126D7 /* cargoline.gif */,
				4E86FFFD281806E000F126D7 /* dhl.jpg */,
				4E86FFEB281806DE00F126D7 /* di.gif */,
				4E86FFEA281806DD00F126D7 /* dpd.jpg */,
				4E86FFEE281806DE00F126D7 /* glx.jpg */,
				4E860007281806E100F126D7 /* glx1.jpg */,
				4E860002281806E000F126D7 /* hauser.jpg */,
				4E86FFEC281806DE00F126D7 /* hoerth.jpg */,
				4E86FFED281806DE00F126D7 /* konz.gif */,
				4E86FFFF281806E000F126D7 /* logwin.gif */,
				4E860003281806E000F126D7 /* mdu.jpg */,
				4E86FFF3281806DF00F126D7 /* metalifer.gif */,
				4E86FFF7281806DF00F126D7 /* panalpina.gif */,
				4E860000281806E000F126D7 /* panalpina.jpg */,
				4E86FFF1281806DE00F126D7 /* peetz.jpg */,
				4E86FFF4281806DF00F126D7 /* remondis.gif */,
				4E86FFF2281806DF00F126D7 /* saarlog.gif */,
				4E860001281806E000F126D7 /* schaeflein.jpg */,
				4E860006281806E100F126D7 /* schenker.gif */,
				4E86FFFE281806E000F126D7 /* srp.gif */,
				4E860005281806E100F126D7 /* stickel.jpg */,
				4E86FFF5281806DF00F126D7 /* transco.gif */,
				4E860009281806E100F126D7 /* ups.jpg */,
				4E86FFF6281806DF00F126D7 /* wax.gif */,
				4E860008281806E100F126D7 /* willibetz.gif */,
			);
			path = carriers;
			sourceTree = "<group>";
		};
		4FABF2CAC461AE822830A879 /* LICENSE */ = {
			isa = PBXGroup;
			children = (
				54CF5BED3CD9DE525986B01C /* LICENSE.txt */,
				20E8E62C4A6D78D282B06BA8 /* ACKNOWLEDGEMENTS.txt */,
			);
			path = LICENSE;
			sourceTree = "<group>";
		};
		AD2FC4BA2654EE7800E135D2 /* dscan-macOS */ = {
			isa = PBXGroup;
			children = (
				AD43F20026158E3D0068AABC /* Earthquakes.entitlements */,
			);
			path = "dscan-macOS";
			sourceTree = "<group>";
		};
		AD2FC4C72654EEFF00E135D2 /* Shared */ = {
			isa = PBXGroup;
			children = (
				4E5B7D87282171B400842FE2 /* DScanApp.swift */,
				AD43F1E526158A640068AABC /* DScanAppWrapper.swift */,
				AD57B10126561FE1005183D0 /* ContentView.swift */,
				4E24DA2E2815EF5D00A39C7D /* View+Extensions.swift */,
				4EC3A0A3282809DE0085DD74 /* URLRequest+Init.swift */,
				4EC3A0A628280B3E0085DD74 /* Data+MIMEType.swift */,
				4EC3A0A0282809780085DD74 /* Uploader.swift */,
				AD57B0F426561260005183D0 /* Toolbar Content */,
				ADFCD5352630D167008A14D0 /* Models */,
				ADFCD5362630DA13008A14D0 /* Views */,
				AD2FC4C92654EF4500E135D2 /* Resources */,
				AD43F1EB26158A660068AABC /* Preview Content */,
			);
			path = Shared;
			sourceTree = "<group>";
		};
		AD2FC4C92654EF4500E135D2 /* Resources */ = {
			isa = PBXGroup;
			children = (
				4E860050281806ED00F126D7 /* img */,
				AD43F1E926158A660068AABC /* Assets.xcassets */,
				4E24DA142814BB4600A39C7D /* Earthquakes.xcdatamodeld */,
				4ED738E2281604E300C310B3 /* Media.xcdatamodeld */,
			);
			path = Resources;
			sourceTree = "<group>";
		};
		AD43F1D926158A630068AABC = {
			isa = PBXGroup;
			children = (
				4E19187F283D55F4007E9B47 /* Packages */,
				26EEA7CAFEEF3C5809214465 /* README.md */,
				AD2FC4C72654EEFF00E135D2 /* Shared */,
				AD43F1E426158A640068AABC /* dscan-iOS */,
				AD2FC4BA2654EE7800E135D2 /* dscan-macOS */,
				AD43F1E326158A640068AABC /* Products */,
				F38659F177DF4910BA5B5E33 /* Configuration */,
				4FABF2CAC461AE822830A879 /* LICENSE */,
				4E191884283D5DA0007E9B47 /* Frameworks */,
			);
			sourceTree = "<group>";
		};
		AD43F1E326158A640068AABC /* Products */ = {
			isa = PBXGroup;
			children = (
				AD43F1E226158A640068AABC /* dscan.app */,
				AD2FC4B92654EE7800E135D2 /* dscan.app */,
			);
			name = Products;
			sourceTree = "<group>";
		};
		AD43F1E426158A640068AABC /* dscan-iOS */ = {
			isa = PBXGroup;
			children = (
				4E86FFE32816BCF000F126D7 /* Info.plist */,
				AD57B0FE265616D4005183D0 /* Toolbar Content */,
			);
			path = "dscan-iOS";
			sourceTree = "<group>";
		};
		AD43F1EB26158A660068AABC /* Preview Content */ = {
			isa = PBXGroup;
			children = (
				AD43F1EC26158A660068AABC /* Preview Assets.xcassets */,
			);
			path = "Preview Content";
			sourceTree = "<group>";
		};
		AD57B0F426561260005183D0 /* Toolbar Content */ = {
			isa = PBXGroup;
			children = (
				AD57B0F826561484005183D0 /* DeleteButton.swift */,
				AD57B0F526561347005183D0 /* RefreshButton.swift */,
				AD57B0F126561178005183D0 /* ToolbarStatus.swift */,
				4E956210282AC560006F7D14 /* AnalyzeButton.swift */,
			);
			path = "Toolbar Content";
			sourceTree = "<group>";
		};
		AD57B0FE265616D4005183D0 /* Toolbar Content */ = {
			isa = PBXGroup;
			children = (
				AD57B0FB26561547005183D0 /* EditButton.swift */,
				AD57B1042656F405005183D0 /* SelectButton.swift */,
			);
			path = "Toolbar Content";
			sourceTree = "<group>";
		};
		ADFCD5352630D167008A14D0 /* Models */ = {
			isa = PBXGroup;
			children = (
				AD43F1FC26158D5A0068AABC /* DscanError.swift */,
				AD43F1F826158CD50068AABC /* Quake.swift */,
				4E3BE65C280552860049DD03 /* QuakeSort.swift */,
				AD43F1FE26158DAF0068AABC /* QuakesProvider.swift */,
				4E24DA0D2814AAB300A39C7D /* Media.swift */,
				4E24DA222815D57000A39C7D /* MediaSection.swift */,
				4E24DA1C2814BFFA00A39C7D /* MediaProvider.swift */,
			);
			path = Models;
			sourceTree = "<group>";
		};
		ADFCD5362630DA13008A14D0 /* Views */ = {
			isa = PBXGroup;
			children = (
				4EA9F34D281B303900AED467 /* MediaSectionList.swift */,
				4EA9F350281B31A600AED467 /* MediaList.swift */,
				4E24DA252815EABD00A39C7D /* MediaRow.swift */,
				4E24DA312815F16800A39C7D /* MediaDetail.swift */,
				4E24DA282815EC1600A39C7D /* MediaThumbnail.swift */,
				4E86FFDD2816926900F126D7 /* MediaSortSelection.swift */,
				4E072FD4283ECA570055CCCB /* Media */,
				4E7C1793282A5B3A001CB909 /* ZoomableScrollView.swift */,
				4E076CEE282520080049B9E8 /* SettingsView.swift */,
				4E24DA1F281522BE00A39C7D /* SectionHeader.swift */,
				ADDDB1802625242200241A73 /* QuakeRow.swift */,
				4E86FFD72816815700F126D7 /* QuakeView.swift */,
				ADDDB1822625249600241A73 /* QuakeDetail.swift */,
				ADDDB17E2625235600241A73 /* QuakeMagnitude.swift */,
				4E86FFE028169EBF00F126D7 /* QuakeSortSelection.swift */,
				4EF06DD92832FBA10048C198 /* SectionList.swift */,
				4E9CF7D628345A3600DB2851 /* SectionRow.swift */,
				4E860052281820D200F126D7 /* ScanView.swift */,
				4E8600582818218300F126D7 /* ScannerView.swift */,
				4E9CF7D92834E11E00DB2851 /* AnalyzeButtonAuto.swift */,
				4E425E0B2839428E00D37CA0 /* LastUpdatedView.swift */,
				4E1A87DC28399E2500F9958B /* WebView.swift */,
				4EF2BB4D283AF38100D8C5E9 /* StatusLabel.swift */,
				4EF2BB50283AFBCF00D8C5E9 /* InfoBox.swift */,
				4E191881283D5B34007E9B47 /* JSONUI.swift */,
				4E3EDFF7283D7772005F44CD /* ChatBubble.swift */,
				4E3EDFFA283D8830005F44CD /* ToolbarRefreshStatus.swift */,
			);
			path = Views;
			sourceTree = "<group>";
		};
		F38659F177DF4910BA5B5E33 /* Configuration */ = {
			isa = PBXGroup;
			children = (
				6EC8C05DC1E92B40CD3EBA87 /* SampleCode.xcconfig */,
			);
			name = Configuration;
			sourceTree = "<group>";
		};
/* End PBXGroup section */

/* Begin PBXNativeTarget section */
		AD2FC4B82654EE7800E135D2 /* dscan-macOS */ = {
			isa = PBXNativeTarget;
			buildConfigurationList = AD2FC4C62654EE7900E135D2 /* Build configuration list for PBXNativeTarget "dscan-macOS" */;
			buildPhases = (
				AD2FC4B52654EE7800E135D2 /* Sources */,
				AD2FC4B62654EE7800E135D2 /* Frameworks */,
				AD2FC4B72654EE7800E135D2 /* Resources */,
			);
			buildRules = (
			);
			dependencies = (
			);
			name = "dscan-macOS";
			productName = "Earthquakes-macOS";
			productReference = AD2FC4B92654EE7800E135D2 /* dscan.app */;
			productType = "com.apple.product-type.application";
		};
		AD43F1E126158A640068AABC /* dscan-iOS */ = {
			isa = PBXNativeTarget;
			buildConfigurationList = AD43F1F526158A660068AABC /* Build configuration list for PBXNativeTarget "dscan-iOS" */;
			buildPhases = (
				AD43F1DE26158A640068AABC /* Sources */,
				AD43F1DF26158A640068AABC /* Frameworks */,
				AD43F1E026158A640068AABC /* Resources */,
			);
			buildRules = (
			);
			dependencies = (
			);
			name = "dscan-iOS";
			packageProductDependencies = (
				4E5B7D82281FAC0F00842FE2 /* NukeUI */,
				4E191885283D5DA0007E9B47 /* JSONDrivenUI */,
			);
			productName = Earthquakes;
			productReference = AD43F1E226158A640068AABC /* dscan.app */;
			productType = "com.apple.product-type.application";
		};
/* End PBXNativeTarget section */

/* Begin PBXProject section */
		AD43F1DA26158A630068AABC /* Project object */ = {
			isa = PBXProject;
			attributes = {
				DefaultBuildSystemTypeForWorkspace = Latest;
				LastSwiftUpdateCheck = 1300;
				LastUpgradeCheck = 1330;
				ORGANIZATIONNAME = Apple;
				TargetAttributes = {
					AD2FC4B82654EE7800E135D2 = {
						CreatedOnToolsVersion = 13.0;
					};
					AD43F1E126158A640068AABC = {
						CreatedOnToolsVersion = 13.0;
					};
				};
			};
			buildConfigurationList = AD43F1DD26158A630068AABC /* Build configuration list for PBXProject "dscan" */;
			compatibilityVersion = "Xcode 9.3";
			developmentRegion = en;
			hasScannedForEncodings = 0;
			knownRegions = (
				en,
				de,
				Base,
			);
			mainGroup = AD43F1D926158A630068AABC;
			packageReferences = (
				4E5B7D81281FAC0F00842FE2 /* XCRemoteSwiftPackageReference "NukeUI" */,
			);
			productRefGroup = AD43F1E326158A640068AABC /* Products */;
			projectDirPath = "";
			projectRoot = "";
			targets = (
				AD43F1E126158A640068AABC /* dscan-iOS */,
				AD2FC4B82654EE7800E135D2 /* dscan-macOS */,
			);
		};
/* End PBXProject section */

/* Begin PBXResourcesBuildPhase section */
		AD2FC4B72654EE7800E135D2 /* Resources */ = {
			isa = PBXResourcesBuildPhase;
			buildActionMask = 2147483647;
			files = (
				4E860039281806E200F126D7 /* srp.gif in Resources */,
				4E86002B281806E200F126D7 /* panalpina.gif in Resources */,
				4E860013281806E200F126D7 /* di.gif in Resources */,
				4E860049281806E200F126D7 /* schenker.gif in Resources */,
				4E860037281806E200F126D7 /* dhl.jpg in Resources */,
				4E86003F281806E200F126D7 /* schaeflein.jpg in Resources */,
				4E860031281806E200F126D7 /* _yellowcab.jpg in Resources */,
				4E860019281806E200F126D7 /* glx.jpg in Resources */,
				4E860017281806E200F126D7 /* konz.gif in Resources */,
				4E86003B281806E200F126D7 /* logwin.gif in Resources */,
				4E860041281806E200F126D7 /* hauser.jpg in Resources */,
				4E860015281806E200F126D7 /* hoerth.jpg in Resources */,
				4E860033281806E200F126D7 /* cargoline.gif in Resources */,
				4E860023281806E200F126D7 /* metalifer.gif in Resources */,
				4E86002F281806E200F126D7 /* _aircargo.jpg in Resources */,
				4E86003D281806E200F126D7 /* panalpina.jpg in Resources */,
				4E860021281806E200F126D7 /* saarlog.gif in Resources */,
				4E860045281806E200F126D7 /* _greenlimo.jpg in Resources */,
				4E86000F281806E200F126D7 /* _seafreight.jpg in Resources */,
				4E860035281806E200F126D7 /* _cityexpress.jpg in Resources */,
				4E860043281806E200F126D7 /* mdu.jpg in Resources */,
				4E860025281806E200F126D7 /* remondis.gif in Resources */,
				4E860047281806E200F126D7 /* stickel.jpg in Resources */,
				4E86000B281806E200F126D7 /* _nighttrain.jpg in Resources */,
				4E86001B281806E200F126D7 /* aus.gif in Resources */,
				4E860027281806E200F126D7 /* transco.gif in Resources */,
				4E860029281806E200F126D7 /* wax.gif in Resources */,
				4E860011281806E200F126D7 /* dpd.jpg in Resources */,
				4E86001D281806E200F126D7 /* agility.gif in Resources */,
				4E86000D281806E200F126D7 /* a_s.jpg in Resources */,
				4E86002D281806E200F126D7 /* _roadtrain.jpg in Resources */,
				4E86004B281806E200F126D7 /* glx1.jpg in Resources */,
				4E86001F281806E200F126D7 /* peetz.jpg in Resources */,
				4E86004D281806E200F126D7 /* willibetz.gif in Resources */,
				4E86004F281806E200F126D7 /* ups.jpg in Resources */,
			);
			runOnlyForDeploymentPostprocessing = 0;
		};
		AD43F1E026158A640068AABC /* Resources */ = {
			isa = PBXResourcesBuildPhase;
			buildActionMask = 2147483647;
			files = (
				4E860036281806E200F126D7 /* dhl.jpg in Resources */,
				4E86002C281806E200F126D7 /* _roadtrain.jpg in Resources */,
				4E860042281806E200F126D7 /* mdu.jpg in Resources */,
				4E86004C281806E200F126D7 /* willibetz.gif in Resources */,
				4E860010281806E200F126D7 /* dpd.jpg in Resources */,
				4E860024281806E200F126D7 /* remondis.gif in Resources */,
				4E860032281806E200F126D7 /* cargoline.gif in Resources */,
				4E86000A281806E100F126D7 /* _nighttrain.jpg in Resources */,
				4E860028281806E200F126D7 /* wax.gif in Resources */,
				4E86002A281806E200F126D7 /* panalpina.gif in Resources */,
				4E860048281806E200F126D7 /* schenker.gif in Resources */,
				4E860038281806E200F126D7 /* srp.gif in Resources */,
				4E86003E281806E200F126D7 /* schaeflein.jpg in Resources */,
				4E86001C281806E200F126D7 /* agility.gif in Resources */,
				4E86003A281806E200F126D7 /* logwin.gif in Resources */,
				4E860026281806E200F126D7 /* transco.gif in Resources */,
				4E86000E281806E200F126D7 /* _seafreight.jpg in Resources */,
				4E860018281806E200F126D7 /* glx.jpg in Resources */,
				4E860030281806E200F126D7 /* _yellowcab.jpg in Resources */,
				4E860014281806E200F126D7 /* hoerth.jpg in Resources */,
				4E860046281806E200F126D7 /* stickel.jpg in Resources */,
				4E86004E281806E200F126D7 /* ups.jpg in Resources */,
				4E860020281806E200F126D7 /* saarlog.gif in Resources */,
				4E860022281806E200F126D7 /* metalifer.gif in Resources */,
				4E86000C281806E200F126D7 /* a_s.jpg in Resources */,
				4E86002E281806E200F126D7 /* _aircargo.jpg in Resources */,
				4E860034281806E200F126D7 /* _cityexpress.jpg in Resources */,
				AD43F1ED26158A660068AABC /* Preview Assets.xcassets in Resources */,
				4E86004A281806E200F126D7 /* glx1.jpg in Resources */,
				4E86001E281806E200F126D7 /* peetz.jpg in Resources */,
				4E86001A281806E200F126D7 /* aus.gif in Resources */,
				4E86003C281806E200F126D7 /* panalpina.jpg in Resources */,
				4E860012281806E200F126D7 /* di.gif in Resources */,
				4E860040281806E200F126D7 /* hauser.jpg in Resources */,
				4E860016281806E200F126D7 /* konz.gif in Resources */,
				4E860044281806E200F126D7 /* _greenlimo.jpg in Resources */,
				AD43F1EA26158A660068AABC /* Assets.xcassets in Resources */,
			);
			runOnlyForDeploymentPostprocessing = 0;
		};
/* End PBXResourcesBuildPhase section */

/* Begin PBXSourcesBuildPhase section */
		AD2FC4B52654EE7800E135D2 /* Sources */ = {
			isa = PBXSourcesBuildPhase;
			buildActionMask = 2147483647;
			files = (
				4E3BE65E280552860049DD03 /* QuakeSort.swift in Sources */,
				4E24DA1E2814BFFA00A39C7D /* MediaProvider.swift in Sources */,
				AD2FC4CD2654EF8200E135D2 /* QuakeMagnitude.swift in Sources */,
				4EC3A0A2282809780085DD74 /* Uploader.swift in Sources */,
				4EF2BB4F283AF38100D8C5E9 /* StatusLabel.swift in Sources */,
				4EC3A0A828280B3E0085DD74 /* Data+MIMEType.swift in Sources */,
				AD2FC4CC2654EF7C00E135D2 /* DscanError.swift in Sources */,
				AD57B0F726561347005183D0 /* RefreshButton.swift in Sources */,
				4EF06DDB2832FBA10048C198 /* SectionList.swift in Sources */,
				4E24DA0F2814AAB300A39C7D /* Media.swift in Sources */,
				4EA9F352281B31A600AED467 /* MediaList.swift in Sources */,
				4E191883283D5B34007E9B47 /* JSONUI.swift in Sources */,
				4E860054281820D200F126D7 /* ScanView.swift in Sources */,
				4E24DA242815D57000A39C7D /* MediaSection.swift in Sources */,
				4E24DA332815F16800A39C7D /* MediaDetail.swift in Sources */,
				4E86005A2818218300F126D7 /* ScannerView.swift in Sources */,
				4E3EDFF9283D7772005F44CD /* ChatBubble.swift in Sources */,
				AD57B0F326561178005183D0 /* ToolbarStatus.swift in Sources */,
				4E86FFDF2816926900F126D7 /* MediaSortSelection.swift in Sources */,
				4E24DA302815EF5D00A39C7D /* View+Extensions.swift in Sources */,
				4EA9F34F281B303900AED467 /* MediaSectionList.swift in Sources */,
				4E86FFE228169EBF00F126D7 /* QuakeSortSelection.swift in Sources */,
				4ED738E5281604E300C310B3 /* Media.xcdatamodeld in Sources */,
				4E86FFD92816815700F126D7 /* QuakeView.swift in Sources */,
				AD2FC4CA2654EF7C00E135D2 /* QuakesProvider.swift in Sources */,
				AD2FC4CE2654EF8200E135D2 /* QuakeRow.swift in Sources */,
				4E7C1795282A5B3A001CB909 /* ZoomableScrollView.swift in Sources */,
				AD2FC4CB2654EF7C00E135D2 /* Quake.swift in Sources */,
				4E24DA272815EABD00A39C7D /* MediaRow.swift in Sources */,
				AD57B0FA26561484005183D0 /* DeleteButton.swift in Sources */,
				4E1A87DE28399E2500F9958B /* WebView.swift in Sources */,
				4E3EDFFC283D8830005F44CD /* ToolbarRefreshStatus.swift in Sources */,
				4E425E0D2839428F00D37CA0 /* LastUpdatedView.swift in Sources */,
				4E9CF7DB2834E11F00DB2851 /* AnalyzeButtonAuto.swift in Sources */,
				4E24DA2A2815EC1600A39C7D /* MediaThumbnail.swift in Sources */,
				4EC3A0A5282809DE0085DD74 /* URLRequest+Init.swift in Sources */,
				4E5B7D89282171B500842FE2 /* DScanApp.swift in Sources */,
				4E9CF7D828345A3600DB2851 /* SectionRow.swift in Sources */,
				4E076CF0282520080049B9E8 /* SettingsView.swift in Sources */,
				4E956212282AC560006F7D14 /* AnalyzeButton.swift in Sources */,
				4EF2BB52283AFBCF00D8C5E9 /* InfoBox.swift in Sources */,
				AD57B10326561FE1005183D0 /* ContentView.swift in Sources */,
				4E24DA21281522BE00A39C7D /* SectionHeader.swift in Sources */,
				AD2FC4CF2654EF8200E135D2 /* QuakeDetail.swift in Sources */,
				4E24DA172814BB4600A39C7D /* Earthquakes.xcdatamodeld in Sources */,
				AD2FC4C82654EF0800E135D2 /* DScanAppWrapper.swift in Sources */,
			);
			runOnlyForDeploymentPostprocessing = 0;
		};
		AD43F1DE26158A640068AABC /* Sources */ = {
			isa = PBXSourcesBuildPhase;
			buildActionMask = 2147483647;
			files = (
				AD57B10226561FE1005183D0 /* ContentView.swift in Sources */,
				4E86FFDE2816926900F126D7 /* MediaSortSelection.swift in Sources */,
				4E7C1794282A5B3A001CB909 /* ZoomableScrollView.swift in Sources */,
				ADDDB1812625242200241A73 /* QuakeRow.swift in Sources */,
				4E425E0C2839428F00D37CA0 /* LastUpdatedView.swift in Sources */,
				AD43F1FF26158DAF0068AABC /* QuakesProvider.swift in Sources */,
				4E9CF7DA2834E11E00DB2851 /* AnalyzeButtonAuto.swift in Sources */,
				4E24DA322815F16800A39C7D /* MediaDetail.swift in Sources */,
				4E86FFD82816815700F126D7 /* QuakeView.swift in Sources */,
				AD57B0F626561347005183D0 /* RefreshButton.swift in Sources */,
				4E076CEF282520080049B9E8 /* SettingsView.swift in Sources */,
				AD57B0F226561178005183D0 /* ToolbarStatus.swift in Sources */,
				4E860053281820D200F126D7 /* ScanView.swift in Sources */,
				AD57B0FC26561547005183D0 /* EditButton.swift in Sources */,
				4E3EDFF8283D7772005F44CD /* ChatBubble.swift in Sources */,
				4E8600592818218300F126D7 /* ScannerView.swift in Sources */,
				ADDDB17F2625235600241A73 /* QuakeMagnitude.swift in Sources */,
				AD43F1E626158A640068AABC /* DScanAppWrapper.swift in Sources */,
				4E3BE65D280552860049DD03 /* QuakeSort.swift in Sources */,
				AD57B0F926561484005183D0 /* DeleteButton.swift in Sources */,
				4E24DA262815EABD00A39C7D /* MediaRow.swift in Sources */,
				4E24DA2F2815EF5D00A39C7D /* View+Extensions.swift in Sources */,
				4E191882283D5B34007E9B47 /* JSONUI.swift in Sources */,
				4E24DA232815D57000A39C7D /* MediaSection.swift in Sources */,
				4E1A87DD28399E2500F9958B /* WebView.swift in Sources */,
				AD57B1052656F405005183D0 /* SelectButton.swift in Sources */,
				4E5B7D88282171B500842FE2 /* DScanApp.swift in Sources */,
				4EF2BB51283AFBCF00D8C5E9 /* InfoBox.swift in Sources */,
				4E9CF7D728345A3600DB2851 /* SectionRow.swift in Sources */,
				4E956211282AC560006F7D14 /* AnalyzeButton.swift in Sources */,
				4E24DA20281522BE00A39C7D /* SectionHeader.swift in Sources */,
				4EF2BB4E283AF38100D8C5E9 /* StatusLabel.swift in Sources */,
				4E24DA162814BB4600A39C7D /* Earthquakes.xcdatamodeld in Sources */,
				4EC3A0A1282809780085DD74 /* Uploader.swift in Sources */,
				4ED738E4281604E300C310B3 /* Media.xcdatamodeld in Sources */,
				4EA9F34E281B303900AED467 /* MediaSectionList.swift in Sources */,
				4EC3A0A728280B3E0085DD74 /* Data+MIMEType.swift in Sources */,
				4EA9F351281B31A600AED467 /* MediaList.swift in Sources */,
				4EC3A0A4282809DE0085DD74 /* URLRequest+Init.swift in Sources */,
				4E24DA0E2814AAB300A39C7D /* Media.swift in Sources */,
				4E86FFE128169EBF00F126D7 /* QuakeSortSelection.swift in Sources */,
				4E24DA1D2814BFFA00A39C7D /* MediaProvider.swift in Sources */,
				AD43F1FD26158D5A0068AABC /* DscanError.swift in Sources */,
				4E3EDFFB283D8830005F44CD /* ToolbarRefreshStatus.swift in Sources */,
				4E24DA292815EC1600A39C7D /* MediaThumbnail.swift in Sources */,
				ADDDB1832625249600241A73 /* QuakeDetail.swift in Sources */,
				4EF06DDA2832FBA10048C198 /* SectionList.swift in Sources */,
				AD43F1FA26158CD50068AABC /* Quake.swift in Sources */,
			);
			runOnlyForDeploymentPostprocessing = 0;
		};
/* End PBXSourcesBuildPhase section */

/* Begin XCBuildConfiguration section */
		AD2FC4C42654EE7900E135D2 /* Debug */ = {
			isa = XCBuildConfiguration;
			buildSettings = {
				ASSETCATALOG_COMPILER_APPICON_NAME = AppIcon;
				ASSETCATALOG_COMPILER_GLOBAL_ACCENT_COLOR_NAME = AccentColor;
				CODE_SIGN_ENTITLEMENTS = "dscan-macOS/Earthquakes.entitlements";
				CODE_SIGN_IDENTITY = "Apple Development";
				CODE_SIGN_STYLE = Automatic;
				COMBINE_HIDPI_IMAGES = YES;
				CURRENT_PROJECT_VERSION = 1;
				DEVELOPMENT_ASSET_PATHS = "\"Shared/Preview Content\"";
				DEVELOPMENT_TEAM = 9UJ84CNFRU;
				ENABLE_APP_SANDBOX = YES;
				ENABLE_HARDENED_RUNTIME = YES;
				ENABLE_PREVIEWS = YES;
				ENABLE_USER_SELECTED_FILES = readonly;
				GENERATE_INFOPLIST_FILE = YES;
				INFOPLIST_KEY_CFBundleExecutable = Earthquakes;
				INFOPLIST_KEY_CFBundleName = Earthquakes;
				INFOPLIST_KEY_CFBundleVersion = 1;
				INFOPLIST_KEY_NSHumanReadableCopyright = "";
				LD_RUNPATH_SEARCH_PATHS = (
					"$(inherited)",
					"@executable_path/../Frameworks",
				);
				MACOSX_DEPLOYMENT_TARGET = 12.0;
				MARKETING_VERSION = 1.0;
				PRODUCT_BUNDLE_IDENTIFIER = "com.example.apple-samplecode.Earthquakes${SAMPLE_CODE_DISAMBIGUATOR}";
				PRODUCT_NAME = dscan;
				PROVISIONING_PROFILE_SPECIFIER = "";
				SDKROOT = macosx;
				SWIFT_VERSION = 5.0;
			};
			name = Debug;
		};
		AD2FC4C52654EE7900E135D2 /* Release */ = {
			isa = XCBuildConfiguration;
			buildSettings = {
				ASSETCATALOG_COMPILER_APPICON_NAME = AppIcon;
				ASSETCATALOG_COMPILER_GLOBAL_ACCENT_COLOR_NAME = AccentColor;
				CODE_SIGN_ENTITLEMENTS = "dscan-macOS/Earthquakes.entitlements";
				CODE_SIGN_IDENTITY = "Apple Development";
				CODE_SIGN_STYLE = Automatic;
				COMBINE_HIDPI_IMAGES = YES;
				CURRENT_PROJECT_VERSION = 1;
				DEVELOPMENT_ASSET_PATHS = "\"Shared/Preview Content\"";
				DEVELOPMENT_TEAM = 9UJ84CNFRU;
				ENABLE_APP_SANDBOX = YES;
				ENABLE_HARDENED_RUNTIME = YES;
				ENABLE_PREVIEWS = YES;
				ENABLE_USER_SELECTED_FILES = readonly;
				GENERATE_INFOPLIST_FILE = YES;
				INFOPLIST_KEY_CFBundleExecutable = Earthquakes;
				INFOPLIST_KEY_CFBundleName = Earthquakes;
				INFOPLIST_KEY_CFBundleVersion = 1;
				INFOPLIST_KEY_NSHumanReadableCopyright = "";
				LD_RUNPATH_SEARCH_PATHS = (
					"$(inherited)",
					"@executable_path/../Frameworks",
				);
				MACOSX_DEPLOYMENT_TARGET = 12.0;
				MARKETING_VERSION = 1.0;
				PRODUCT_BUNDLE_IDENTIFIER = "com.example.apple-samplecode.Earthquakes${SAMPLE_CODE_DISAMBIGUATOR}";
				PRODUCT_NAME = dscan;
				PROVISIONING_PROFILE_SPECIFIER = "";
				SDKROOT = macosx;
				SWIFT_VERSION = 5.0;
			};
			name = Release;
		};
		AD43F1F326158A660068AABC /* Debug */ = {
			isa = XCBuildConfiguration;
			buildSettings = {
				ALWAYS_SEARCH_USER_PATHS = NO;
				CLANG_ANALYZER_LOCALIZABILITY_NONLOCALIZED = YES;
				CLANG_ANALYZER_NONNULL = YES;
				CLANG_ANALYZER_NUMBER_OBJECT_CONVERSION = YES_AGGRESSIVE;
				CLANG_CXX_LANGUAGE_STANDARD = "gnu++14";
				CLANG_CXX_LIBRARY = "libc++";
				CLANG_ENABLE_MODULES = YES;
				CLANG_ENABLE_OBJC_ARC = YES;
				CLANG_ENABLE_OBJC_WEAK = YES;
				CLANG_WARN_BLOCK_CAPTURE_AUTORELEASING = YES;
				CLANG_WARN_BOOL_CONVERSION = YES;
				CLANG_WARN_COMMA = YES;
				CLANG_WARN_CONSTANT_CONVERSION = YES;
				CLANG_WARN_DEPRECATED_OBJC_IMPLEMENTATIONS = YES;
				CLANG_WARN_DIRECT_OBJC_ISA_USAGE = YES_ERROR;
				CLANG_WARN_DOCUMENTATION_COMMENTS = YES;
				CLANG_WARN_EMPTY_BODY = YES;
				CLANG_WARN_ENUM_CONVERSION = YES;
				CLANG_WARN_INFINITE_RECURSION = YES;
				CLANG_WARN_INT_CONVERSION = YES;
				CLANG_WARN_NON_LITERAL_NULL_CONVERSION = YES;
				CLANG_WARN_OBJC_IMPLICIT_RETAIN_SELF = YES;
				CLANG_WARN_OBJC_LITERAL_CONVERSION = YES;
				CLANG_WARN_OBJC_ROOT_CLASS = YES_ERROR;
				CLANG_WARN_QUOTED_INCLUDE_IN_FRAMEWORK_HEADER = YES;
				CLANG_WARN_RANGE_LOOP_ANALYSIS = YES;
				CLANG_WARN_STRICT_PROTOTYPES = YES;
				CLANG_WARN_SUSPICIOUS_MOVE = YES;
				CLANG_WARN_UNGUARDED_AVAILABILITY = YES_AGGRESSIVE;
				CLANG_WARN_UNREACHABLE_CODE = YES;
				CLANG_WARN__DUPLICATE_METHOD_MATCH = YES;
				COPY_PHASE_STRIP = NO;
				DEBUG_INFORMATION_FORMAT = dwarf;
				ENABLE_STRICT_OBJC_MSGSEND = YES;
				ENABLE_TESTABILITY = YES;
				GCC_C_LANGUAGE_STANDARD = gnu11;
				GCC_DYNAMIC_NO_PIC = NO;
				GCC_NO_COMMON_BLOCKS = YES;
				GCC_OPTIMIZATION_LEVEL = 0;
				GCC_PREPROCESSOR_DEFINITIONS = (
					"DEBUG=1",
					"$(inherited)",
				);
				GCC_WARN_64_TO_32_BIT_CONVERSION = YES;
				GCC_WARN_ABOUT_RETURN_TYPE = YES_ERROR;
				GCC_WARN_UNDECLARED_SELECTOR = YES;
				GCC_WARN_UNINITIALIZED_AUTOS = YES_AGGRESSIVE;
				GCC_WARN_UNUSED_FUNCTION = YES;
				GCC_WARN_UNUSED_VARIABLE = YES;
				IPHONEOS_DEPLOYMENT_TARGET = 15.0;
				MTL_ENABLE_DEBUG_INFO = INCLUDE_SOURCE;
				MTL_FAST_MATH = YES;
				ONLY_ACTIVE_ARCH = YES;
				SDKROOT = iphoneos;
				SWIFT_ACTIVE_COMPILATION_CONDITIONS = DEBUG;
				SWIFT_OPTIMIZATION_LEVEL = "-Onone";
			};
			name = Debug;
		};
		AD43F1F426158A660068AABC /* Release */ = {
			isa = XCBuildConfiguration;
			buildSettings = {
				ALWAYS_SEARCH_USER_PATHS = NO;
				CLANG_ANALYZER_LOCALIZABILITY_NONLOCALIZED = YES;
				CLANG_ANALYZER_NONNULL = YES;
				CLANG_ANALYZER_NUMBER_OBJECT_CONVERSION = YES_AGGRESSIVE;
				CLANG_CXX_LANGUAGE_STANDARD = "gnu++14";
				CLANG_CXX_LIBRARY = "libc++";
				CLANG_ENABLE_MODULES = YES;
				CLANG_ENABLE_OBJC_ARC = YES;
				CLANG_ENABLE_OBJC_WEAK = YES;
				CLANG_WARN_BLOCK_CAPTURE_AUTORELEASING = YES;
				CLANG_WARN_BOOL_CONVERSION = YES;
				CLANG_WARN_COMMA = YES;
				CLANG_WARN_CONSTANT_CONVERSION = YES;
				CLANG_WARN_DEPRECATED_OBJC_IMPLEMENTATIONS = YES;
				CLANG_WARN_DIRECT_OBJC_ISA_USAGE = YES_ERROR;
				CLANG_WARN_DOCUMENTATION_COMMENTS = YES;
				CLANG_WARN_EMPTY_BODY = YES;
				CLANG_WARN_ENUM_CONVERSION = YES;
				CLANG_WARN_INFINITE_RECURSION = YES;
				CLANG_WARN_INT_CONVERSION = YES;
				CLANG_WARN_NON_LITERAL_NULL_CONVERSION = YES;
				CLANG_WARN_OBJC_IMPLICIT_RETAIN_SELF = YES;
				CLANG_WARN_OBJC_LITERAL_CONVERSION = YES;
				CLANG_WARN_OBJC_ROOT_CLASS = YES_ERROR;
				CLANG_WARN_QUOTED_INCLUDE_IN_FRAMEWORK_HEADER = YES;
				CLANG_WARN_RANGE_LOOP_ANALYSIS = YES;
				CLANG_WARN_STRICT_PROTOTYPES = YES;
				CLANG_WARN_SUSPICIOUS_MOVE = YES;
				CLANG_WARN_UNGUARDED_AVAILABILITY = YES_AGGRESSIVE;
				CLANG_WARN_UNREACHABLE_CODE = YES;
				CLANG_WARN__DUPLICATE_METHOD_MATCH = YES;
				COPY_PHASE_STRIP = NO;
				DEBUG_INFORMATION_FORMAT = "dwarf-with-dsym";
				ENABLE_NS_ASSERTIONS = NO;
				ENABLE_STRICT_OBJC_MSGSEND = YES;
				GCC_C_LANGUAGE_STANDARD = gnu11;
				GCC_NO_COMMON_BLOCKS = YES;
				GCC_WARN_64_TO_32_BIT_CONVERSION = YES;
				GCC_WARN_ABOUT_RETURN_TYPE = YES_ERROR;
				GCC_WARN_UNDECLARED_SELECTOR = YES;
				GCC_WARN_UNINITIALIZED_AUTOS = YES_AGGRESSIVE;
				GCC_WARN_UNUSED_FUNCTION = YES;
				GCC_WARN_UNUSED_VARIABLE = YES;
				IPHONEOS_DEPLOYMENT_TARGET = 15.0;
				MTL_ENABLE_DEBUG_INFO = NO;
				MTL_FAST_MATH = YES;
				SDKROOT = iphoneos;
				SWIFT_COMPILATION_MODE = wholemodule;
				SWIFT_OPTIMIZATION_LEVEL = "-O";
				VALIDATE_PRODUCT = YES;
			};
			name = Release;
		};
		AD43F1F626158A660068AABC /* Debug */ = {
			isa = XCBuildConfiguration;
			buildSettings = {
				ASSETCATALOG_COMPILER_APPICON_NAME = AppIcon;
				ASSETCATALOG_COMPILER_GLOBAL_ACCENT_COLOR_NAME = AccentColor;
				CODE_SIGN_IDENTITY = "Apple Development";
				"CODE_SIGN_IDENTITY[sdk=macosx*]" = "-";
				CODE_SIGN_STYLE = Automatic;
				CURRENT_PROJECT_VERSION = 1;
				DEVELOPMENT_ASSET_PATHS = "\"Shared/Preview Content\"";
				DEVELOPMENT_TEAM = 9UJ84CNFRU;
				ENABLE_PREVIEWS = YES;
				GENERATE_INFOPLIST_FILE = YES;
				INFOPLIST_FILE = "dscan-iOS/Info.plist";
				INFOPLIST_KEY_NSCameraUsageDescription = "$(PRODUCT_NAME) uses the camera to scan documents";
				INFOPLIST_KEY_UIApplicationSceneManifest_Generation = YES;
				INFOPLIST_KEY_UIApplicationSupportsIndirectInputEvents = YES;
				INFOPLIST_KEY_UILaunchScreen_Generation = YES;
				INFOPLIST_KEY_UISupportedInterfaceOrientations_iPad = "UIInterfaceOrientationPortrait UIInterfaceOrientationPortraitUpsideDown UIInterfaceOrientationLandscapeLeft UIInterfaceOrientationLandscapeRight";
				INFOPLIST_KEY_UISupportedInterfaceOrientations_iPhone = "UIInterfaceOrientationPortrait UIInterfaceOrientationLandscapeLeft UIInterfaceOrientationLandscapeRight";
				IPHONEOS_DEPLOYMENT_TARGET = 15.0;
				LD_RUNPATH_SEARCH_PATHS = (
					"$(inherited)",
					"@executable_path/Frameworks",
				);
				MARKETING_VERSION = 1.0;
				OTHER_SWIFT_FLAGS = "-Xfrontend -enable-experimental-concurrency";
				PRODUCT_BUNDLE_IDENTIFIER = de.hal9ccc.dscan;
				PRODUCT_NAME = dscan;
				PROVISIONING_PROFILE_SPECIFIER = "";
				SDKROOT = iphoneos;
				SUPPORTS_MACCATALYST = NO;
				SWIFT_VERSION = 5.0;
				TARGETED_DEVICE_FAMILY = "1,2";
			};
			name = Debug;
		};
		AD43F1F726158A660068AABC /* Release */ = {
			isa = XCBuildConfiguration;
			buildSettings = {
				ASSETCATALOG_COMPILER_APPICON_NAME = AppIcon;
				ASSETCATALOG_COMPILER_GLOBAL_ACCENT_COLOR_NAME = AccentColor;
				CODE_SIGN_IDENTITY = "Apple Development";
				"CODE_SIGN_IDENTITY[sdk=macosx*]" = "-";
				CODE_SIGN_STYLE = Automatic;
				CURRENT_PROJECT_VERSION = 1;
				DEVELOPMENT_ASSET_PATHS = "\"Shared/Preview Content\"";
				DEVELOPMENT_TEAM = 9UJ84CNFRU;
				ENABLE_PREVIEWS = YES;
				GENERATE_INFOPLIST_FILE = YES;
				INFOPLIST_FILE = "dscan-iOS/Info.plist";
				INFOPLIST_KEY_NSCameraUsageDescription = "$(PRODUCT_NAME) uses the camera to scan documents";
				INFOPLIST_KEY_UIApplicationSceneManifest_Generation = YES;
				INFOPLIST_KEY_UIApplicationSupportsIndirectInputEvents = YES;
				INFOPLIST_KEY_UILaunchScreen_Generation = YES;
				INFOPLIST_KEY_UISupportedInterfaceOrientations_iPad = "UIInterfaceOrientationPortrait UIInterfaceOrientationPortraitUpsideDown UIInterfaceOrientationLandscapeLeft UIInterfaceOrientationLandscapeRight";
				INFOPLIST_KEY_UISupportedInterfaceOrientations_iPhone = "UIInterfaceOrientationPortrait UIInterfaceOrientationLandscapeLeft UIInterfaceOrientationLandscapeRight";
				IPHONEOS_DEPLOYMENT_TARGET = 15.0;
				LD_RUNPATH_SEARCH_PATHS = (
					"$(inherited)",
					"@executable_path/Frameworks",
				);
				MARKETING_VERSION = 1.0;
				OTHER_SWIFT_FLAGS = "-Xfrontend -enable-experimental-concurrency";
				PRODUCT_BUNDLE_IDENTIFIER = de.hal9ccc.dscan;
				PRODUCT_NAME = dscan;
				PROVISIONING_PROFILE_SPECIFIER = "";
				SDKROOT = iphoneos;
				SUPPORTS_MACCATALYST = NO;
				SWIFT_VERSION = 5.0;
				TARGETED_DEVICE_FAMILY = "1,2";
			};
			name = Release;
		};
/* End XCBuildConfiguration section */

/* Begin XCConfigurationList section */
		AD2FC4C62654EE7900E135D2 /* Build configuration list for PBXNativeTarget "dscan-macOS" */ = {
			isa = XCConfigurationList;
			buildConfigurations = (
				AD2FC4C42654EE7900E135D2 /* Debug */,
				AD2FC4C52654EE7900E135D2 /* Release */,
			);
			defaultConfigurationIsVisible = 0;
			defaultConfigurationName = Release;
		};
		AD43F1DD26158A630068AABC /* Build configuration list for PBXProject "dscan" */ = {
			isa = XCConfigurationList;
			buildConfigurations = (
				AD43F1F326158A660068AABC /* Debug */,
				AD43F1F426158A660068AABC /* Release */,
			);
			defaultConfigurationIsVisible = 0;
			defaultConfigurationName = Release;
		};
		AD43F1F526158A660068AABC /* Build configuration list for PBXNativeTarget "dscan-iOS" */ = {
			isa = XCConfigurationList;
			buildConfigurations = (
				AD43F1F626158A660068AABC /* Debug */,
				AD43F1F726158A660068AABC /* Release */,
			);
			defaultConfigurationIsVisible = 0;
			defaultConfigurationName = Release;
		};
/* End XCConfigurationList section */

/* Begin XCRemoteSwiftPackageReference section */
		4E5B7D81281FAC0F00842FE2 /* XCRemoteSwiftPackageReference "NukeUI" */ = {
			isa = XCRemoteSwiftPackageReference;
			repositoryURL = "https://github.com/kean/NukeUI";
			requirement = {
				kind = upToNextMajorVersion;
				minimumVersion = 0.8.1;
			};
		};
/* End XCRemoteSwiftPackageReference section */

/* Begin XCSwiftPackageProductDependency section */
		4E191885283D5DA0007E9B47 /* JSONDrivenUI */ = {
			isa = XCSwiftPackageProductDependency;
			productName = JSONDrivenUI;
		};
		4E5B7D82281FAC0F00842FE2 /* NukeUI */ = {
			isa = XCSwiftPackageProductDependency;
			package = 4E5B7D81281FAC0F00842FE2 /* XCRemoteSwiftPackageReference "NukeUI" */;
			productName = NukeUI;
		};
/* End XCSwiftPackageProductDependency section */

/* Begin XCVersionGroup section */
		4E24DA142814BB4600A39C7D /* Earthquakes.xcdatamodeld */ = {
			isa = XCVersionGroup;
			children = (
				4E24DA152814BB4600A39C7D /* Earthquakes.xcdatamodel */,
			);
			currentVersion = 4E24DA152814BB4600A39C7D /* Earthquakes.xcdatamodel */;
			path = Earthquakes.xcdatamodeld;
			sourceTree = "<group>";
			versionGroupType = wrapper.xcdatamodel;
		};
		4ED738E2281604E300C310B3 /* Media.xcdatamodeld */ = {
			isa = XCVersionGroup;
			children = (
				4ED738E3281604E300C310B3 /* Media.xcdatamodel */,
			);
			currentVersion = 4ED738E3281604E300C310B3 /* Media.xcdatamodel */;
			path = Media.xcdatamodeld;
			sourceTree = "<group>";
			versionGroupType = wrapper.xcdatamodel;
		};
/* End XCVersionGroup section */
	};
	rootObject = AD43F1DA26158A630068AABC /* Project object */;
}
